<?xml version="1.0" encoding="utf-8"?>
<Project ToolsVersion="4.0" xmlns="http://schemas.microsoft.com/developer/msbuild/2003">
  <ItemGroup>
    <ClCompile Include="..\..\..\bugger.c" />
    <ClCompile Include="..\..\..\config.c" />
    <ClCompile Include="..\..\..\device.c" />
    <ClCompile Include="..\..\..\dma.c" />
    <ClCompile Include="..\..\..\i82335.c" />
    <ClCompile Include="..\..\..\intel.c" />
    <ClCompile Include="..\..\..\intel_flash.c" />
    <ClCompile Include="..\..\..\intel_piix.c" />
    <ClCompile Include="..\..\..\intel_piix4.c" />
    <ClCompile Include="..\..\..\intel_sio.c" />
    <ClCompile Include="..\..\..\io.c" />
    <ClCompile Include="..\..\..\mca.c" />
    <ClCompile Include="..\..\..\mcr.c" />
    <ClCompile Include="..\..\..\mem.c" />
    <ClCompile Include="..\..\..\memregs.c" />
    <ClCompile Include="..\..\..\nmi.c" />
    <ClCompile Include="..\..\..\nvr.c" />
    <ClCompile Include="..\..\..\nvr_at.c" />
    <ClCompile Include="..\..\..\nvr_ps2.c" />
    <ClCompile Include="..\..\..\pc.c" />
    <ClCompile Include="..\..\..\pci.c" />
    <ClCompile Include="..\..\..\pic.c" />
    <ClCompile Include="..\..\..\pit.c" />
    <ClCompile Include="..\..\..\ppi.c" />
    <ClCompile Include="..\..\..\random.c" />
    <ClCompile Include="..\..\..\rom.c" />
    <ClCompile Include="..\..\..\rom_load.c" />
    <ClCompile Include="..\..\..\timer.c" />
    <ClCompile Include="..\..\..\cdrom\cdrom.c">
      <Filter>cdrom</Filter>
    </ClCompile>
    <ClCompile Include="..\..\..\cdrom\cdrom_dosbox.cpp">
      <Filter>cdrom</Filter>
    </ClCompile>
    <ClCompile Include="..\..\..\cdrom\cdrom_image.cpp">
      <Filter>cdrom</Filter>
    </ClCompile>
    <ClCompile Include="..\..\..\cdrom\cdrom_null.c">
      <Filter>cdrom</Filter>
    </ClCompile>
    <ClCompile Include="..\..\..\cpu\386.c">
      <Filter>cpu</Filter>
    </ClCompile>
    <ClCompile Include="..\..\..\cpu\386_dynarec.c">
      <Filter>cpu</Filter>
    </ClCompile>
    <ClCompile Include="..\..\..\cpu\386_dynarec_ops.c">
      <Filter>cpu</Filter>
    </ClCompile>
    <ClCompile Include="..\..\..\cpu\808x.c">
      <Filter>cpu</Filter>
    </ClCompile>
    <ClCompile Include="..\..\..\cpu\codegen.c">
      <Filter>cpu</Filter>
    </ClCompile>
    <ClCompile Include="..\..\..\cpu\codegen_ops.c">
      <Filter>cpu</Filter>
    </ClCompile>
    <ClCompile Include="..\..\..\cpu\codegen_timing_486.c">
      <Filter>cpu</Filter>
    </ClCompile>
    <ClCompile Include="..\..\..\cpu\codegen_timing_686.c">
      <Filter>cpu</Filter>
    </ClCompile>
    <ClCompile Include="..\..\..\cpu\codegen_timing_common.c">
      <Filter>cpu</Filter>
    </ClCompile>
    <ClCompile Include="..\..\..\cpu\codegen_timing_pentium.c">
      <Filter>cpu</Filter>
    </ClCompile>
    <ClCompile Include="..\..\..\cpu\codegen_timing_winchip.c">
      <Filter>cpu</Filter>
    </ClCompile>
    <ClCompile Include="..\..\..\cpu\codegen_x86.c">
      <Filter>cpu</Filter>
    </ClCompile>
    <ClCompile Include="..\..\..\cpu\codegen_x86-64.c">
      <Filter>cpu</Filter>
    </ClCompile>
    <ClCompile Include="..\..\..\cpu\cpu.c">
      <Filter>cpu</Filter>
    </ClCompile>
    <ClCompile Include="..\..\..\cpu\cpu_table.c">
      <Filter>cpu</Filter>
    </ClCompile>
    <ClCompile Include="..\..\..\cpu\x86seg.c">
      <Filter>cpu</Filter>
    </ClCompile>
    <ClCompile Include="..\..\..\cpu\x87.c">
      <Filter>cpu</Filter>
    </ClCompile>
    <ClCompile Include="..\..\..\disk\hdc.c">
      <Filter>disk</Filter>
    </ClCompile>
    <ClCompile Include="..\..\..\disk\hdc_esdi_at.c">
      <Filter>disk</Filter>
    </ClCompile>
    <ClCompile Include="..\..\..\disk\hdc_esdi_mca.c">
      <Filter>disk</Filter>
    </ClCompile>
    <ClCompile Include="..\..\..\disk\hdc_ide_ata.c">
      <Filter>disk</Filter>
    </ClCompile>
    <ClCompile Include="..\..\..\disk\hdc_ide_xta.c">
      <Filter>disk</Filter>
    </ClCompile>
    <ClCompile Include="..\..\..\disk\hdc_st506_at.c">
      <Filter>disk</Filter>
    </ClCompile>
    <ClCompile Include="..\..\..\disk\hdc_st506_xt.c">
      <Filter>disk</Filter>
    </ClCompile>
    <ClCompile Include="..\..\..\disk\hdc_xtide.c">
      <Filter>disk</Filter>
    </ClCompile>
    <ClCompile Include="..\..\..\disk\hdd.c">
      <Filter>disk</Filter>
    </ClCompile>
    <ClCompile Include="..\..\..\disk\hdd_image.c">
      <Filter>disk</Filter>
    </ClCompile>
    <ClCompile Include="..\..\..\disk\hdd_table.c">
      <Filter>disk</Filter>
    </ClCompile>
    <ClCompile Include="..\..\..\disk\zip.c">
      <Filter>disk</Filter>
    </ClCompile>
    <ClCompile Include="..\..\..\floppy\fdc.c">
      <Filter>floppy</Filter>
    </ClCompile>
    <ClCompile Include="..\..\..\floppy\fdd.c">
      <Filter>floppy</Filter>
    </ClCompile>
    <ClCompile Include="..\..\..\floppy\fdd_86f.c">
      <Filter>floppy</Filter>
    </ClCompile>
    <ClCompile Include="..\..\..\floppy\fdd_common.c">
      <Filter>floppy</Filter>
    </ClCompile>
    <ClCompile Include="..\..\..\floppy\fdd_fdi.c">
      <Filter>floppy</Filter>
    </ClCompile>
    <ClCompile Include="..\..\..\floppy\fdd_imd.c">
      <Filter>floppy</Filter>
    </ClCompile>
    <ClCompile Include="..\..\..\floppy\fdd_img.c">
      <Filter>floppy</Filter>
    </ClCompile>
    <ClCompile Include="..\..\..\floppy\fdd_json.c">
      <Filter>floppy</Filter>
    </ClCompile>
    <ClCompile Include="..\..\..\floppy\fdd_td0.c">
      <Filter>floppy</Filter>
    </ClCompile>
    <ClCompile Include="..\..\..\floppy\fdi2raw.c">
      <Filter>floppy</Filter>
    </ClCompile>
    <ClCompile Include="..\..\..\floppy\lzf\lzf_c.c">
      <Filter>floppy\lzf</Filter>
    </ClCompile>
    <ClCompile Include="..\..\..\floppy\lzf\lzf_d.c">
      <Filter>floppy\lzf</Filter>
    </ClCompile>
    <ClCompile Include="..\..\..\input\game\joystick.c">
      <Filter>input\game</Filter>
    </ClCompile>
    <ClCompile Include="..\..\..\input\game\js_ch_fs_pro.c">
      <Filter>input\game</Filter>
    </ClCompile>
    <ClCompile Include="..\..\..\input\game\js_standard.c">
      <Filter>input\game</Filter>
    </ClCompile>
    <ClCompile Include="..\..\..\input\game\js_sw_pad.c">
      <Filter>input\game</Filter>
    </ClCompile>
    <ClCompile Include="..\..\..\input\game\js_tm_fcs.c">
      <Filter>input\game</Filter>
    </ClCompile>
    <ClCompile Include="..\..\..\input\keyboard.c">
      <Filter>input</Filter>
    </ClCompile>
    <ClCompile Include="..\..\..\input\keyboard_at.c">
      <Filter>input</Filter>
    </ClCompile>
    <ClCompile Include="..\..\..\input\keyboard_xt.c">
      <Filter>input</Filter>
    </ClCompile>
    <ClCompile Include="..\..\..\input\mouse.c">
      <Filter>input</Filter>
    </ClCompile>
    <ClCompile Include="..\..\..\input\mouse_bus.c">
      <Filter>input</Filter>
    </ClCompile>
    <ClCompile Include="..\..\..\input\mouse_ps2.c">
      <Filter>input</Filter>
    </ClCompile>
    <ClCompile Include="..\..\..\input\mouse_serial.c">
      <Filter>input</Filter>
    </ClCompile>
    <ClCompile Include="..\..\..\machine\m_amstrad.c">
      <Filter>machine</Filter>
    </ClCompile>
    <ClCompile Include="..\..\..\machine\m_at.c">
      <Filter>machine</Filter>
    </ClCompile>
    <ClCompile Include="..\..\..\machine\m_at_4gpv31.c">
      <Filter>machine</Filter>
    </ClCompile>
    <ClCompile Include="..\..\..\machine\m_at_430fx.c">
      <Filter>machine</Filter>
    </ClCompile>
    <ClCompile Include="..\..\..\machine\m_at_430hx.c">
      <Filter>machine</Filter>
    </ClCompile>
    <ClCompile Include="..\..\..\machine\m_at_430lx_nx.c">
      <Filter>machine</Filter>
    </ClCompile>
    <ClCompile Include="..\..\..\machine\m_at_430vx.c">
      <Filter>machine</Filter>
    </ClCompile>
    <ClCompile Include="..\..\..\machine\m_at_440fx.c">
      <Filter>machine</Filter>
    </ClCompile>
    <ClCompile Include="..\..\..\machine\m_at_ali1429.c">
      <Filter>machine</Filter>
    </ClCompile>
    <ClCompile Include="..\..\..\machine\m_at_commodore.c">
      <Filter>machine</Filter>
    </ClCompile>
    <ClCompile Include="..\..\..\machine\m_at_compaq.c">
      <Filter>machine</Filter>
    </ClCompile>
    <ClCompile Include="..\..\..\machine\m_at_headland.c">
      <Filter>machine</Filter>
    </ClCompile>
    <ClCompile Include="..\..\..\machine\m_at_neat.c">
      <Filter>machine</Filter>
    </ClCompile>
    <ClCompile Include="..\..\..\machine\m_at_opti495.c">
      <Filter>machine</Filter>
    </ClCompile>
    <ClCompile Include="..\..\..\machine\m_at_scat.c">
      <Filter>machine</Filter>
    </ClCompile>
    <ClCompile Include="..\..\..\machine\m_at_sis_85c50x.c">
      <Filter>machine</Filter>
    </ClCompile>
    <ClCompile Include="..\..\..\machine\m_at_sis_85c471.c">
      <Filter>machine</Filter>
    </ClCompile>
    <ClCompile Include="..\..\..\machine\m_at_sis_85c496.c">
      <Filter>machine</Filter>
    </ClCompile>
    <ClCompile Include="..\..\..\machine\m_at_t3100e.c">
      <Filter>machine</Filter>
    </ClCompile>
    <ClCompile Include="..\..\..\machine\m_at_t3100e_vid.c">
      <Filter>machine</Filter>
    </ClCompile>
    <ClCompile Include="..\..\..\machine\m_at_wd76c10.c">
      <Filter>machine</Filter>
    </ClCompile>
    <ClCompile Include="..\..\..\machine\m_europc.c">
      <Filter>machine</Filter>
    </ClCompile>
    <ClCompile Include="..\..\..\machine\m_olivetti_m24.c">
      <Filter>machine</Filter>
    </ClCompile>
    <ClCompile Include="..\..\..\machine\m_pcjr.c">
      <Filter>machine</Filter>
    </ClCompile>
    <ClCompile Include="..\..\..\machine\m_ps1.c">
      <Filter>machine</Filter>
    </ClCompile>
    <ClCompile Include="..\..\..\machine\m_ps1_hdc.c">
      <Filter>machine</Filter>
    </ClCompile>
    <ClCompile Include="..\..\..\machine\m_ps2_isa.c">
      <Filter>machine</Filter>
    </ClCompile>
    <ClCompile Include="..\..\..\machine\m_ps2_mca.c">
      <Filter>machine</Filter>
    </ClCompile>
    <ClCompile Include="..\..\..\machine\m_tandy.c">
      <Filter>machine</Filter>
    </ClCompile>
    <ClCompile Include="..\..\..\machine\m_xt.c">
      <Filter>machine</Filter>
    </ClCompile>
    <ClCompile Include="..\..\..\machine\m_xt_compaq.c">
      <Filter>machine</Filter>
    </ClCompile>
    <ClCompile Include="..\..\..\machine\m_xt_t1000.c">
      <Filter>machine</Filter>
    </ClCompile>
    <ClCompile Include="..\..\..\machine\m_xt_t1000_vid.c">
      <Filter>machine</Filter>
    </ClCompile>
    <ClCompile Include="..\..\..\machine\m_xt_xi8088.c">
      <Filter>machine</Filter>
    </ClCompile>
    <ClCompile Include="..\..\..\machine\machine.c">
      <Filter>machine</Filter>
    </ClCompile>
    <ClCompile Include="..\..\..\machine\machine_table.c">
      <Filter>machine</Filter>
    </ClCompile>
    <ClCompile Include="..\..\..\network\slirp\bootp.c">
      <Filter>network\slirp</Filter>
    </ClCompile>
    <ClCompile Include="..\..\..\network\slirp\cksum.c">
      <Filter>network\slirp</Filter>
    </ClCompile>
    <ClCompile Include="..\..\..\network\slirp\debug.c">
      <Filter>network\slirp</Filter>
    </ClCompile>
    <ClCompile Include="..\..\..\network\slirp\if.c">
      <Filter>network\slirp</Filter>
    </ClCompile>
    <ClCompile Include="..\..\..\network\slirp\ip_icmp.c">
      <Filter>network\slirp</Filter>
    </ClCompile>
    <ClCompile Include="..\..\..\network\slirp\ip_input.c">
      <Filter>network\slirp</Filter>
    </ClCompile>
    <ClCompile Include="..\..\..\network\slirp\ip_output.c">
      <Filter>network\slirp</Filter>
    </ClCompile>
    <ClCompile Include="..\..\..\network\slirp\mbuf.c">
      <Filter>network\slirp</Filter>
    </ClCompile>
    <ClCompile Include="..\..\..\network\slirp\misc.c">
      <Filter>network\slirp</Filter>
    </ClCompile>
    <ClCompile Include="..\..\..\network\slirp\queue.c">
      <Filter>network\slirp</Filter>
    </ClCompile>
    <ClCompile Include="..\..\..\network\slirp\sbuf.c">
      <Filter>network\slirp</Filter>
    </ClCompile>
    <ClCompile Include="..\..\..\network\slirp\slirp.c">
      <Filter>network\slirp</Filter>
    </ClCompile>
    <ClCompile Include="..\..\..\network\slirp\socket.c">
      <Filter>network\slirp</Filter>
    </ClCompile>
    <ClCompile Include="..\..\..\network\slirp\tcp_input.c">
      <Filter>network\slirp</Filter>
    </ClCompile>
    <ClCompile Include="..\..\..\network\slirp\tcp_output.c">
      <Filter>network\slirp</Filter>
    </ClCompile>
    <ClCompile Include="..\..\..\network\slirp\tcp_subr.c">
      <Filter>network\slirp</Filter>
    </ClCompile>
    <ClCompile Include="..\..\..\network\slirp\tcp_timer.c">
      <Filter>network\slirp</Filter>
    </ClCompile>
    <ClCompile Include="..\..\..\network\slirp\udp.c">
      <Filter>network\slirp</Filter>
    </ClCompile>
    <ClCompile Include="..\..\..\network\net_ne2000.c">
      <Filter>network</Filter>
    </ClCompile>
    <ClCompile Include="..\..\..\network\net_pcap.c">
      <Filter>network</Filter>
    </ClCompile>
    <ClCompile Include="..\..\..\network\net_slirp.c">
      <Filter>network</Filter>
    </ClCompile>
    <ClCompile Include="..\..\..\network\network.c">
      <Filter>network</Filter>
    </ClCompile>
    <ClCompile Include="..\..\..\ports\game.c">
      <Filter>ports</Filter>
    </ClCompile>
    <ClCompile Include="..\..\..\ports\game_dev.c">
      <Filter>ports</Filter>
    </ClCompile>
    <ClCompile Include="..\..\..\ports\parallel.c">
      <Filter>ports</Filter>
    </ClCompile>
    <ClCompile Include="..\..\..\ports\parallel_dev.c">
      <Filter>ports</Filter>
    </ClCompile>
    <ClCompile Include="..\..\..\ports\serial.c">
      <Filter>ports</Filter>
    </ClCompile>
    <ClCompile Include="..\..\..\scsi\scsi.c">
      <Filter>scsi</Filter>
    </ClCompile>
    <ClCompile Include="..\..\..\scsi\scsi_aha154x.c">
      <Filter>scsi</Filter>
    </ClCompile>
    <ClCompile Include="..\..\..\scsi\scsi_bus.c">
      <Filter>scsi</Filter>
    </ClCompile>
    <ClCompile Include="..\..\..\scsi\scsi_buslogic.c">
      <Filter>scsi</Filter>
    </ClCompile>
    <ClCompile Include="..\..\..\scsi\scsi_device.c">
      <Filter>scsi</Filter>
    </ClCompile>
    <ClCompile Include="..\..\..\scsi\scsi_disk.c">
      <Filter>scsi</Filter>
    </ClCompile>
    <ClCompile Include="..\..\..\scsi\scsi_ncr53c810.c">
      <Filter>scsi</Filter>
    </ClCompile>
    <ClCompile Include="..\..\..\scsi\scsi_ncr5380.c">
      <Filter>scsi</Filter>
    </ClCompile>
    <ClCompile Include="..\..\..\scsi\scsi_x54x.c">
      <Filter>scsi</Filter>
    </ClCompile>
    <ClCompile Include="..\..\..\sio\sio_detect.c">
      <Filter>sio</Filter>
    </ClCompile>
    <ClCompile Include="..\..\..\sio\sio_fdc37c66x.c">
      <Filter>sio</Filter>
    </ClCompile>
    <ClCompile Include="..\..\..\sio\sio_fdc37c93x.c">
      <Filter>sio</Filter>
    </ClCompile>
    <ClCompile Include="..\..\..\sio\sio_fdc37c669.c">
      <Filter>sio</Filter>
    </ClCompile>
    <ClCompile Include="..\..\..\sio\sio_pc87306.c">
      <Filter>sio</Filter>
    </ClCompile>
    <ClCompile Include="..\..\..\sio\sio_um8669f.c">
      <Filter>sio</Filter>
    </ClCompile>
    <ClCompile Include="..\..\..\sio\sio_w83877f.c">
      <Filter>sio</Filter>
    </ClCompile>
    <ClCompile Include="..\..\..\sound\resid-fp\convolve.cpp">
      <Filter>sound\resid-fp</Filter>
    </ClCompile>
    <ClCompile Include="..\..\..\sound\resid-fp\convolve-sse.cpp">
      <Filter>sound\resid-fp</Filter>
    </ClCompile>
    <ClCompile Include="..\..\..\sound\resid-fp\envelope.cpp">
      <Filter>sound\resid-fp</Filter>
    </ClCompile>
    <ClCompile Include="..\..\..\sound\resid-fp\extfilt.cpp">
      <Filter>sound\resid-fp</Filter>
    </ClCompile>
    <ClCompile Include="..\..\..\sound\resid-fp\filter.cpp">
      <Filter>sound\resid-fp</Filter>
    </ClCompile>
    <ClCompile Include="..\..\..\sound\resid-fp\pot.cpp">
      <Filter>sound\resid-fp</Filter>
    </ClCompile>
    <ClCompile Include="..\..\..\sound\resid-fp\sid.cpp">
      <Filter>sound\resid-fp</Filter>
    </ClCompile>
    <ClCompile Include="..\..\..\sound\resid-fp\voice.cpp">
      <Filter>sound\resid-fp</Filter>
    </ClCompile>
    <ClCompile Include="..\..\..\sound\resid-fp\wave.cpp">
      <Filter>sound\resid-fp</Filter>
    </ClCompile>
    <ClCompile Include="..\..\..\sound\resid-fp\wave6581__ST.cpp">
      <Filter>sound\resid-fp</Filter>
    </ClCompile>
    <ClCompile Include="..\..\..\sound\resid-fp\wave6581_P_T.cpp">
      <Filter>sound\resid-fp</Filter>
    </ClCompile>
    <ClCompile Include="..\..\..\sound\resid-fp\wave6581_PS_.cpp">
      <Filter>sound\resid-fp</Filter>
    </ClCompile>
    <ClCompile Include="..\..\..\sound\resid-fp\wave6581_PST.cpp">
      <Filter>sound\resid-fp</Filter>
    </ClCompile>
    <ClCompile Include="..\..\..\sound\resid-fp\wave8580__ST.cpp">
      <Filter>sound\resid-fp</Filter>
    </ClCompile>
    <ClCompile Include="..\..\..\sound\resid-fp\wave8580_P_T.cpp">
      <Filter>sound\resid-fp</Filter>
    </ClCompile>
    <ClCompile Include="..\..\..\sound\resid-fp\wave8580_PS_.cpp">
      <Filter>sound\resid-fp</Filter>
    </ClCompile>
    <ClCompile Include="..\..\..\sound\resid-fp\wave8580_PST.cpp">
      <Filter>sound\resid-fp</Filter>
    </ClCompile>
    <ClCompile Include="..\..\..\sound\munt\sha1\sha1.cpp">
      <Filter>sound\munt\sha1</Filter>
    </ClCompile>
    <ClCompile Include="..\..\..\sound\munt\c_interface\c_interface.cpp">
      <Filter>sound\munt\c_interface</Filter>
    </ClCompile>
    <ClCompile Include="..\..\..\sound\munt\Analog.cpp">
      <Filter>sound\munt</Filter>
    </ClCompile>
    <ClCompile Include="..\..\..\sound\munt\BReverbModel.cpp">
      <Filter>sound\munt</Filter>
    </ClCompile>
    <ClCompile Include="..\..\..\sound\munt\File.cpp">
      <Filter>sound\munt</Filter>
    </ClCompile>
    <ClCompile Include="..\..\..\sound\munt\FileStream.cpp">
      <Filter>sound\munt</Filter>
    </ClCompile>
    <ClCompile Include="..\..\..\sound\munt\LA32FloatWaveGenerator.cpp">
      <Filter>sound\munt</Filter>
    </ClCompile>
    <ClCompile Include="..\..\..\sound\munt\LA32Ramp.cpp">
      <Filter>sound\munt</Filter>
    </ClCompile>
    <ClCompile Include="..\..\..\sound\munt\LA32WaveGenerator.cpp">
      <Filter>sound\munt</Filter>
    </ClCompile>
    <ClCompile Include="..\..\..\sound\munt\MidiStreamParser.cpp">
      <Filter>sound\munt</Filter>
    </ClCompile>
    <ClCompile Include="..\..\..\sound\munt\Part.cpp">
      <Filter>sound\munt</Filter>
    </ClCompile>
    <ClCompile Include="..\..\..\sound\munt\Partial.cpp">
      <Filter>sound\munt</Filter>
    </ClCompile>
    <ClCompile Include="..\..\..\sound\munt\PartialManager.cpp">
      <Filter>sound\munt</Filter>
    </ClCompile>
    <ClCompile Include="..\..\..\sound\munt\Poly.cpp">
      <Filter>sound\munt</Filter>
    </ClCompile>
    <ClCompile Include="..\..\..\sound\munt\ROMInfo.cpp">
      <Filter>sound\munt</Filter>
    </ClCompile>
    <ClCompile Include="..\..\..\sound\munt\SampleRateConverter_dummy.cpp">
      <Filter>sound\munt</Filter>
    </ClCompile>
    <ClCompile Include="..\..\..\sound\munt\Synth.cpp">
      <Filter>sound\munt</Filter>
    </ClCompile>
    <ClCompile Include="..\..\..\sound\munt\Tables.cpp">
      <Filter>sound\munt</Filter>
    </ClCompile>
    <ClCompile Include="..\..\..\sound\munt\TVA.cpp">
      <Filter>sound\munt</Filter>
    </ClCompile>
    <ClCompile Include="..\..\..\sound\munt\TVF.cpp">
      <Filter>sound\munt</Filter>
    </ClCompile>
    <ClCompile Include="..\..\..\sound\munt\TVP.cpp">
      <Filter>sound\munt</Filter>
    </ClCompile>
    <ClCompile Include="..\..\..\sound\dbopl.cpp">
      <Filter>sound</Filter>
    </ClCompile>
    <ClCompile Include="..\..\..\sound\midi.c">
      <Filter>sound</Filter>
    </ClCompile>
    <ClCompile Include="..\..\..\sound\midi_mt32.c">
      <Filter>sound</Filter>
    </ClCompile>
    <ClCompile Include="..\..\..\sound\midi_system.c">
      <Filter>sound</Filter>
    </ClCompile>
    <ClCompile Include="..\..\..\sound\nukedopl.cpp">
      <Filter>sound</Filter>
    </ClCompile>
    <ClCompile Include="..\..\..\sound\openal.c">
      <Filter>sound</Filter>
    </ClCompile>
    <ClCompile Include="..\..\..\sound\snd_adlib.c">
      <Filter>sound</Filter>
    </ClCompile>
    <ClCompile Include="..\..\..\sound\snd_ad1848.c">
      <Filter>sound</Filter>
    </ClCompile>
    <ClCompile Include="..\..\..\sound\snd_adlibgold.c">
      <Filter>sound</Filter>
    </ClCompile>
    <ClCompile Include="..\..\..\sound\snd_audiopci.c">
      <Filter>sound</Filter>
    </ClCompile>
    <ClCompile Include="..\..\..\sound\snd_cms.c">
      <Filter>sound</Filter>
    </ClCompile>
    <ClCompile Include="..\..\..\sound\snd_dbopl.cpp">
      <Filter>sound</Filter>
    </ClCompile>
    <ClCompile Include="..\..\..\sound\snd_emu8k.c">
      <Filter>sound</Filter>
    </ClCompile>
    <ClCompile Include="..\..\..\sound\snd_gus.c">
      <Filter>sound</Filter>
    </ClCompile>
    <ClCompile Include="..\..\..\sound\snd_lpt_dac.c">
      <Filter>sound</Filter>
    </ClCompile>
    <ClCompile Include="..\..\..\sound\snd_lpt_dss.c">
      <Filter>sound</Filter>
    </ClCompile>
    <ClCompile Include="..\..\..\sound\snd_mpu401.c">
      <Filter>sound</Filter>
    </ClCompile>
    <ClCompile Include="..\..\..\sound\snd_opl.c">
      <Filter>sound</Filter>
    </ClCompile>
    <ClCompile Include="..\..\..\sound\snd_pas16.c">
      <Filter>sound</Filter>
    </ClCompile>
    <ClCompile Include="..\..\..\sound\snd_resid.cpp">
      <Filter>sound</Filter>
    </ClCompile>
    <ClCompile Include="..\..\..\sound\snd_sb.c">
      <Filter>sound</Filter>
    </ClCompile>
    <ClCompile Include="..\..\..\sound\snd_sb_dsp.c">
      <Filter>sound</Filter>
    </ClCompile>
    <ClCompile Include="..\..\..\sound\snd_sn76489.c">
      <Filter>sound</Filter>
    </ClCompile>
    <ClCompile Include="..\..\..\sound\snd_speaker.c">
      <Filter>sound</Filter>
    </ClCompile>
    <ClCompile Include="..\..\..\sound\snd_ssi2001.c">
      <Filter>sound</Filter>
    </ClCompile>
    <ClCompile Include="..\..\..\sound\snd_wss.c">
      <Filter>sound</Filter>
    </ClCompile>
    <ClCompile Include="..\..\..\sound\snd_ym7128.c">
      <Filter>sound</Filter>
    </ClCompile>
    <ClCompile Include="..\..\..\sound\sound.c">
      <Filter>sound</Filter>
    </ClCompile>
    <ClCompile Include="..\..\..\sound\sound_dev.c">
      <Filter>sound</Filter>
    </ClCompile>
    <ClCompile Include="..\..\..\ui\ui_main.c">
      <Filter>ui</Filter>
    </ClCompile>
    <ClCompile Include="..\..\..\ui\ui_new_floppy.c">
      <Filter>ui</Filter>
    </ClCompile>
    <ClCompile Include="..\..\..\ui\ui_stbar.c">
      <Filter>ui</Filter>
    </ClCompile>
    <ClCompile Include="..\..\..\video\vid_ati_eeprom.c">
      <Filter>video</Filter>
    </ClCompile>
    <ClCompile Include="..\..\..\video\vid_ati_mach64.c">
      <Filter>video</Filter>
    </ClCompile>
    <ClCompile Include="..\..\..\video\vid_ati18800.c">
      <Filter>video</Filter>
    </ClCompile>
    <ClCompile Include="..\..\..\video\vid_ati28800.c">
      <Filter>video</Filter>
    </ClCompile>
    <ClCompile Include="..\..\..\video\vid_ati68860_ramdac.c">
      <Filter>video</Filter>
    </ClCompile>
    <ClCompile Include="..\..\..\video\vid_bt485_ramdac.c">
      <Filter>video</Filter>
    </ClCompile>
    <ClCompile Include="..\..\..\video\vid_cga.c">
      <Filter>video</Filter>
    </ClCompile>
    <ClCompile Include="..\..\..\video\vid_cga_comp.c">
      <Filter>video</Filter>
    </ClCompile>
    <ClCompile Include="..\..\..\video\vid_cl54xx.c">
      <Filter>video</Filter>
    </ClCompile>
    <ClCompile Include="..\..\..\video\vid_colorplus.c">
      <Filter>video</Filter>
    </ClCompile>
    <ClCompile Include="..\..\..\video\vid_compaq_cga.c">
      <Filter>video</Filter>
    </ClCompile>
    <ClCompile Include="..\..\..\video\vid_ega.c">
      <Filter>video</Filter>
    </ClCompile>
    <ClCompile Include="..\..\..\video\vid_ega_render.c">
      <Filter>video</Filter>
    </ClCompile>
    <ClCompile Include="..\..\..\video\vid_et4000.c">
      <Filter>video</Filter>
    </ClCompile>
    <ClCompile Include="..\..\..\video\vid_et4000w32.c">
      <Filter>video</Filter>
    </ClCompile>
    <ClCompile Include="..\..\..\video\vid_genius.c">
      <Filter>video</Filter>
    </ClCompile>
    <ClCompile Include="..\..\..\video\vid_hercules.c">
      <Filter>video</Filter>
    </ClCompile>
    <ClCompile Include="..\..\..\video\vid_herculesplus.c">
      <Filter>video</Filter>
    </ClCompile>
    <ClCompile Include="..\..\..\video\vid_icd2061.c">
      <Filter>video</Filter>
    </ClCompile>
    <ClCompile Include="..\..\..\video\vid_ics2595.c">
      <Filter>video</Filter>
    </ClCompile>
    <ClCompile Include="..\..\..\video\vid_incolor.c">
      <Filter>video</Filter>
    </ClCompile>
    <ClCompile Include="..\..\..\video\vid_mda.c">
      <Filter>video</Filter>
    </ClCompile>
    <ClCompile Include="..\..\..\video\vid_oak_oti.c">
      <Filter>video</Filter>
    </ClCompile>
    <ClCompile Include="..\..\..\video\vid_paradise.c">
      <Filter>video</Filter>
    </ClCompile>
    <ClCompile Include="..\..\..\video\vid_s3.c">
      <Filter>video</Filter>
    </ClCompile>
    <ClCompile Include="..\..\..\video\vid_s3_virge.c">
      <Filter>video</Filter>
    </ClCompile>
    <ClCompile Include="..\..\..\video\vid_sc1502x_ramdac.c">
      <Filter>video</Filter>
    </ClCompile>
    <ClCompile Include="..\..\..\video\vid_sdac_ramdac.c">
      <Filter>video</Filter>
    </ClCompile>
    <ClCompile Include="..\..\..\video\vid_stg_ramdac.c">
      <Filter>video</Filter>
    </ClCompile>
    <ClCompile Include="..\..\..\video\vid_svga.c">
      <Filter>video</Filter>
    </ClCompile>
    <ClCompile Include="..\..\..\video\vid_svga_render.c">
      <Filter>video</Filter>
    </ClCompile>
    <ClCompile Include="..\..\..\video\vid_tgui9440.c">
      <Filter>video</Filter>
    </ClCompile>
    <ClCompile Include="..\..\..\video\vid_ti_cf62011.c">
      <Filter>video</Filter>
    </ClCompile>
    <ClCompile Include="..\..\..\video\vid_tkd8001_ramdac.c">
      <Filter>video</Filter>
    </ClCompile>
    <ClCompile Include="..\..\..\video\vid_tvga.c">
      <Filter>video</Filter>
    </ClCompile>
    <ClCompile Include="..\..\..\video\vid_vga.c">
      <Filter>video</Filter>
    </ClCompile>
    <ClCompile Include="..\..\..\video\vid_voodoo.c">
      <Filter>video</Filter>
    </ClCompile>
    <ClCompile Include="..\..\..\video\vid_wy700.c">
      <Filter>video</Filter>
    </ClCompile>
    <ClCompile Include="..\..\..\video\video_dev.c">
      <Filter>video</Filter>
    </ClCompile>
    <ClCompile Include="..\..\..\video\video.c">
      <Filter>video</Filter>
    </ClCompile>
    <ClCompile Include="..\..\..\win\win.c">
      <Filter>win</Filter>
    </ClCompile>
    <ClCompile Include="..\..\..\win\win_about.c">
      <Filter>win</Filter>
    </ClCompile>
    <ClCompile Include="..\..\..\win\win_cdrom.c">
      <Filter>win</Filter>
    </ClCompile>
    <ClCompile Include="..\..\..\win\win_cdrom_ioctl.c">
      <Filter>win</Filter>
    </ClCompile>
    <ClCompile Include="..\..\..\win\win_crashdump.c">
      <Filter>win</Filter>
    </ClCompile>
    <ClCompile Include="..\..\..\win\win_d3d.cpp">
      <Filter>win</Filter>
    </ClCompile>
    <ClCompile Include="..\..\..\win\win_ddraw.cpp">
      <Filter>win</Filter>
    </ClCompile>
    <ClCompile Include="..\..\..\win\win_devconf.c">
      <Filter>win</Filter>
    </ClCompile>
    <ClCompile Include="..\..\..\win\win_dialog.c">
      <Filter>win</Filter>
    </ClCompile>
    <ClCompile Include="..\..\..\win\win_dynld.c">
      <Filter>win</Filter>
    </ClCompile>
    <ClCompile Include="..\..\..\win\win_joystick.cpp">
      <Filter>win</Filter>
    </ClCompile>
    <ClCompile Include="..\..\..\win\win_keyboard.c">
      <Filter>win</Filter>
    </ClCompile>
    <ClCompile Include="..\..\..\win\win_midi.c">
      <Filter>win</Filter>
    </ClCompile>
    <ClCompile Include="..\..\..\win\win_mouse.cpp">
      <Filter>win</Filter>
    </ClCompile>
    <ClCompile Include="..\..\..\win\win_new_floppy.c">
      <Filter>win</Filter>
    </ClCompile>
    <ClCompile Include="..\..\..\win\win_opendir.c">
      <Filter>win</Filter>
    </ClCompile>
    <ClCompile Include="..\..\..\win\win_settings.c">
      <Filter>win</Filter>
    </ClCompile>
    <ClCompile Include="..\..\..\win\win_snd_gain.c">
      <Filter>win</Filter>
    </ClCompile>
    <ClCompile Include="..\..\..\win\win_status.c">
      <Filter>win</Filter>
    </ClCompile>
    <ClCompile Include="..\..\..\win\win_thread.c">
      <Filter>win</Filter>
    </ClCompile>
    <ClCompile Include="..\..\..\win\win_ui.c">
      <Filter>win</Filter>
    </ClCompile>
  </ItemGroup>
  <ItemGroup>
    <ClInclude Include="..\..\..\bugger.h" />
    <ClInclude Include="..\..\..\config.h" />
    <ClInclude Include="..\..\..\device.h" />
    <ClInclude Include="..\..\..\dma.h" />
    <ClInclude Include="..\..\..\emu.h" />
    <ClInclude Include="..\..\..\i82335.h" />
    <ClInclude Include="..\..\..\intel.h" />
    <ClInclude Include="..\..\..\intel_flash.h" />
    <ClInclude Include="..\..\..\intel_piix.h" />
    <ClInclude Include="..\..\..\intel_sio.h" />
    <ClInclude Include="..\..\..\io.h" />
    <ClInclude Include="..\..\..\mca.h" />
    <ClInclude Include="..\..\..\mem.h" />
    <ClInclude Include="..\..\..\memregs.h" />
    <ClInclude Include="..\..\..\nmi.h" />
    <ClInclude Include="..\..\..\nvr.h" />
    <ClInclude Include="..\..\..\nvr_ps2.h" />
    <ClInclude Include="..\..\..\pci.h" />
    <ClInclude Include="..\..\..\pic.h" />
    <ClInclude Include="..\..\..\pit.h" />
    <ClInclude Include="..\..\..\plat.h" />
    <ClInclude Include="..\..\..\ppi.h" />
    <ClInclude Include="..\..\..\random.h" />
    <ClInclude Include="..\..\..\rom.h" />
    <ClInclude Include="..\..\..\timer.h" />
    <ClInclude Include="..\..\..\version.h" />
    <ClInclude Include="..\..\..\cdrom\cdrom.h">
      <Filter>cdrom</Filter>
    </ClInclude>
    <ClInclude Include="..\..\..\cdrom\cdrom_dosbox.h">
      <Filter>cdrom</Filter>
    </ClInclude>
    <ClInclude Include="..\..\..\cdrom\cdrom_image.h">
      <Filter>cdrom</Filter>
    </ClInclude>
    <ClInclude Include="..\..\..\cdrom\cdrom_null.h">
      <Filter>cdrom</Filter>
    </ClInclude>
    <ClInclude Include="..\..\..\cpu\386.h">
      <Filter>cpu</Filter>
    </ClInclude>
    <ClInclude Include="..\..\..\cpu\386_common.h">
      <Filter>cpu</Filter>
    </ClInclude>
    <ClInclude Include="..\..\..\cpu\386_ops.h">
      <Filter>cpu</Filter>
    </ClInclude>
    <ClInclude Include="..\..\..\cpu\codegen.h">
      <Filter>cpu</Filter>
    </ClInclude>
    <ClInclude Include="..\..\..\cpu\codegen_ops.h">
      <Filter>cpu</Filter>
    </ClInclude>
    <ClInclude Include="..\..\..\cpu\codegen_ops_arith.h">
      <Filter>cpu</Filter>
    </ClInclude>
    <ClInclude Include="..\..\..\cpu\codegen_ops_fpu.h">
      <Filter>cpu</Filter>
    </ClInclude>
    <ClInclude Include="..\..\..\cpu\codegen_ops_jump.h">
      <Filter>cpu</Filter>
    </ClInclude>
    <ClInclude Include="..\..\..\cpu\codegen_ops_logic.h">
      <Filter>cpu</Filter>
    </ClInclude>
    <ClInclude Include="..\..\..\cpu\codegen_ops_misc.h">
      <Filter>cpu</Filter>
    </ClInclude>
    <ClInclude Include="..\..\..\cpu\codegen_ops_mmx.h">
      <Filter>cpu</Filter>
    </ClInclude>
    <ClInclude Include="..\..\..\cpu\codegen_ops_mov.h">
      <Filter>cpu</Filter>
    </ClInclude>
    <ClInclude Include="..\..\..\cpu\codegen_ops_shift.h">
      <Filter>cpu</Filter>
    </ClInclude>
    <ClInclude Include="..\..\..\cpu\codegen_ops_stack.h">
      <Filter>cpu</Filter>
    </ClInclude>
    <ClInclude Include="..\..\..\cpu\codegen_ops_x86.h">
      <Filter>cpu</Filter>
    </ClInclude>
    <ClInclude Include="..\..\..\cpu\codegen_ops_x86-64.h">
      <Filter>cpu</Filter>
    </ClInclude>
    <ClInclude Include="..\..\..\cpu\codegen_ops_xchg.h">
      <Filter>cpu</Filter>
    </ClInclude>
    <ClInclude Include="..\..\..\cpu\codegen_timing_common.h">
      <Filter>cpu</Filter>
    </ClInclude>
    <ClInclude Include="..\..\..\cpu\codegen_x86.h">
      <Filter>cpu</Filter>
    </ClInclude>
    <ClInclude Include="..\..\..\cpu\codegen_x86-64.h">
      <Filter>cpu</Filter>
    </ClInclude>
    <ClInclude Include="..\..\..\cpu\cpu.h">
      <Filter>cpu</Filter>
    </ClInclude>
    <ClInclude Include="..\..\..\cpu\x86.h">
      <Filter>cpu</Filter>
    </ClInclude>
    <ClInclude Include="..\..\..\cpu\x86_flags.h">
      <Filter>cpu</Filter>
    </ClInclude>
    <ClInclude Include="..\..\..\cpu\x86_ops.h">
      <Filter>cpu</Filter>
    </ClInclude>
    <ClInclude Include="..\..\..\cpu\x86_ops_amd.h">
      <Filter>cpu</Filter>
    </ClInclude>
    <ClInclude Include="..\..\..\cpu\x86_ops_arith.h">
      <Filter>cpu</Filter>
    </ClInclude>
    <ClInclude Include="..\..\..\cpu\x86_ops_atomic.h">
      <Filter>cpu</Filter>
    </ClInclude>
    <ClInclude Include="..\..\..\cpu\x86_ops_bcd.h">
      <Filter>cpu</Filter>
    </ClInclude>
    <ClInclude Include="..\..\..\cpu\x86_ops_bit.h">
      <Filter>cpu</Filter>
    </ClInclude>
    <ClInclude Include="..\..\..\cpu\x86_ops_bitscan.h">
      <Filter>cpu</Filter>
    </ClInclude>
    <ClInclude Include="..\..\..\cpu\x86_ops_call.h">
      <Filter>cpu</Filter>
    </ClInclude>
    <ClInclude Include="..\..\..\cpu\x86_ops_flag.h">
      <Filter>cpu</Filter>
    </ClInclude>
    <ClInclude Include="..\..\..\cpu\x86_ops_fpu.h">
      <Filter>cpu</Filter>
    </ClInclude>
    <ClInclude Include="..\..\..\cpu\x86_ops_i686.h">
      <Filter>cpu</Filter>
    </ClInclude>
    <ClInclude Include="..\..\..\cpu\x86_ops_inc_dec.h">
      <Filter>cpu</Filter>
    </ClInclude>
    <ClInclude Include="..\..\..\cpu\x86_ops_int.h">
      <Filter>cpu</Filter>
    </ClInclude>
    <ClInclude Include="..\..\..\cpu\x86_ops_io.h">
      <Filter>cpu</Filter>
    </ClInclude>
    <ClInclude Include="..\..\..\cpu\x86_ops_jump.h">
      <Filter>cpu</Filter>
    </ClInclude>
    <ClInclude Include="..\..\..\cpu\x86_ops_misc.h">
      <Filter>cpu</Filter>
    </ClInclude>
    <ClInclude Include="..\..\..\cpu\x86_ops_mmx.h">
      <Filter>cpu</Filter>
    </ClInclude>
    <ClInclude Include="..\..\..\cpu\x86_ops_mmx_arith.h">
      <Filter>cpu</Filter>
    </ClInclude>
    <ClInclude Include="..\..\..\cpu\x86_ops_mmx_cmp.h">
      <Filter>cpu</Filter>
    </ClInclude>
    <ClInclude Include="..\..\..\cpu\x86_ops_mmx_logic.h">
      <Filter>cpu</Filter>
    </ClInclude>
    <ClInclude Include="..\..\..\cpu\x86_ops_mmx_mov.h">
      <Filter>cpu</Filter>
    </ClInclude>
    <ClInclude Include="..\..\..\cpu\x86_ops_mmx_pack.h">
      <Filter>cpu</Filter>
    </ClInclude>
    <ClInclude Include="..\..\..\cpu\x86_ops_mmx_shift.h">
      <Filter>cpu</Filter>
    </ClInclude>
    <ClInclude Include="..\..\..\cpu\x86_ops_mov.h">
      <Filter>cpu</Filter>
    </ClInclude>
    <ClInclude Include="..\..\..\cpu\x86_ops_mov_ctrl.h">
      <Filter>cpu</Filter>
    </ClInclude>
    <ClInclude Include="..\..\..\cpu\x86_ops_mov_seg.h">
      <Filter>cpu</Filter>
    </ClInclude>
    <ClInclude Include="..\..\..\cpu\x86_ops_movx.h">
      <Filter>cpu</Filter>
    </ClInclude>
    <ClInclude Include="..\..\..\cpu\x86_ops_msr.h">
      <Filter>cpu</Filter>
    </ClInclude>
    <ClInclude Include="..\..\..\cpu\x86_ops_mul.h">
      <Filter>cpu</Filter>
    </ClInclude>
    <ClInclude Include="..\..\..\cpu\x86_ops_pmode.h">
      <Filter>cpu</Filter>
    </ClInclude>
    <ClInclude Include="..\..\..\cpu\x86_ops_prefix.h">
      <Filter>cpu</Filter>
    </ClInclude>
    <ClInclude Include="..\..\..\cpu\x86_ops_rep.h">
      <Filter>cpu</Filter>
    </ClInclude>
    <ClInclude Include="..\..\..\cpu\x86_ops_ret.h">
      <Filter>cpu</Filter>
    </ClInclude>
    <ClInclude Include="..\..\..\cpu\x86_ops_set.h">
      <Filter>cpu</Filter>
    </ClInclude>
    <ClInclude Include="..\..\..\cpu\x86_ops_shift.h">
      <Filter>cpu</Filter>
    </ClInclude>
    <ClInclude Include="..\..\..\cpu\x86_ops_stack.h">
      <Filter>cpu</Filter>
    </ClInclude>
    <ClInclude Include="..\..\..\cpu\x86_ops_string.h">
      <Filter>cpu</Filter>
    </ClInclude>
    <ClInclude Include="..\..\..\cpu\x86_ops_xchg.h">
      <Filter>cpu</Filter>
    </ClInclude>
    <ClInclude Include="..\..\..\cpu\x86seg.h">
      <Filter>cpu</Filter>
    </ClInclude>
    <ClInclude Include="..\..\..\cpu\x87.h">
      <Filter>cpu</Filter>
    </ClInclude>
    <ClInclude Include="..\..\..\cpu\x87_ops.h">
      <Filter>cpu</Filter>
    </ClInclude>
    <ClInclude Include="..\..\..\cpu\x87_ops_arith.h">
      <Filter>cpu</Filter>
    </ClInclude>
    <ClInclude Include="..\..\..\cpu\x87_ops_loadstore.h">
      <Filter>cpu</Filter>
    </ClInclude>
    <ClInclude Include="..\..\..\cpu\x87_ops_misc.h">
      <Filter>cpu</Filter>
    </ClInclude>
    <ClInclude Include="..\..\..\disk\hdc.h">
      <Filter>disk</Filter>
    </ClInclude>
    <ClInclude Include="..\..\..\disk\hdc_ide.h">
      <Filter>disk</Filter>
    </ClInclude>
    <ClInclude Include="..\..\..\disk\hdd.h">
      <Filter>disk</Filter>
    </ClInclude>
    <ClInclude Include="..\..\..\disk\zip.h">
      <Filter>disk</Filter>
    </ClInclude>
    <ClInclude Include="..\..\..\floppy\fdc.h">
      <Filter>floppy</Filter>
    </ClInclude>
    <ClInclude Include="..\..\..\floppy\fdd.h">
      <Filter>floppy</Filter>
    </ClInclude>
    <ClInclude Include="..\..\..\floppy\fdd_86f.h">
      <Filter>floppy</Filter>
    </ClInclude>
    <ClInclude Include="..\..\..\floppy\fdd_common.h">
      <Filter>floppy</Filter>
    </ClInclude>
    <ClInclude Include="..\..\..\floppy\fdd_fdi.h">
      <Filter>floppy</Filter>
    </ClInclude>
    <ClInclude Include="..\..\..\floppy\fdd_imd.h">
      <Filter>floppy</Filter>
    </ClInclude>
    <ClInclude Include="..\..\..\floppy\fdd_img.h">
      <Filter>floppy</Filter>
    </ClInclude>
    <ClInclude Include="..\..\..\floppy\fdd_json.h">
      <Filter>floppy</Filter>
    </ClInclude>
    <ClInclude Include="..\..\..\floppy\fdd_td0.h">
      <Filter>floppy</Filter>
    </ClInclude>
    <ClInclude Include="..\..\..\floppy\fdi2raw.h">
      <Filter>floppy</Filter>
    </ClInclude>
    <ClInclude Include="..\..\..\floppy\lzf\config.h">
      <Filter>floppy\lzf</Filter>
    </ClInclude>
    <ClInclude Include="..\..\..\floppy\lzf\crc32.h">
      <Filter>floppy\lzf</Filter>
    </ClInclude>
    <ClInclude Include="..\..\..\floppy\lzf\lzf.h">
      <Filter>floppy\lzf</Filter>
    </ClInclude>
    <ClInclude Include="..\..\..\floppy\lzf\lzfP.h">
      <Filter>floppy\lzf</Filter>
    </ClInclude>
    <ClInclude Include="..\..\..\input\keyboard.h">
      <Filter>input</Filter>
    </ClInclude>
    <ClInclude Include="..\..\..\input\mouse.h">
      <Filter>input</Filter>
    </ClInclude>
    <ClInclude Include="..\..\..\input\game\joystick.h">
      <Filter>input\game</Filter>
    </ClInclude>
    <ClInclude Include="..\..\..\machine\m_at_t3100e.h">
      <Filter>machine</Filter>
    </ClInclude>
    <ClInclude Include="..\..\..\machine\machine.h">
      <Filter>machine</Filter>
    </ClInclude>
    <ClInclude Include="..\..\..\machine\m_xt_xi8088.h">
      <Filter>machine</Filter>
    </ClInclude>
    <ClInclude Include="..\..\..\machine\m_xt_t1000.h">
      <Filter>machine</Filter>
    </ClInclude>
    <ClInclude Include="..\..\..\network\slirp\bootp.h">
      <Filter>network\slirp</Filter>
    </ClInclude>
    <ClInclude Include="..\..\..\network\slirp\ctl.h">
      <Filter>network\slirp</Filter>
    </ClInclude>
    <ClInclude Include="..\..\..\network\slirp\debug.h">
      <Filter>network\slirp</Filter>
    </ClInclude>
    <ClInclude Include="..\..\..\network\slirp\icmp_var.h">
      <Filter>network\slirp</Filter>
    </ClInclude>
    <ClInclude Include="..\..\..\network\slirp\if.h">
      <Filter>network\slirp</Filter>
    </ClInclude>
    <ClInclude Include="..\..\..\network\slirp\ip.h">
      <Filter>network\slirp</Filter>
    </ClInclude>
    <ClInclude Include="..\..\..\network\slirp\ip_icmp.h">
      <Filter>network\slirp</Filter>
    </ClInclude>
    <ClInclude Include="..\..\..\network\slirp\libslirp.h">
      <Filter>network\slirp</Filter>
    </ClInclude>
    <ClInclude Include="..\..\..\network\slirp\main.h">
      <Filter>network\slirp</Filter>
    </ClInclude>
    <ClInclude Include="..\..\..\network\slirp\mbuf.h">
      <Filter>network\slirp</Filter>
    </ClInclude>
    <ClInclude Include="..\..\..\network\slirp\misc.h">
      <Filter>network\slirp</Filter>
    </ClInclude>
    <ClInclude Include="..\..\..\network\slirp\queue.h">
      <Filter>network\slirp</Filter>
    </ClInclude>
    <ClInclude Include="..\..\..\network\slirp\sbuf.h">
      <Filter>network\slirp</Filter>
    </ClInclude>
    <ClInclude Include="..\..\..\network\slirp\slirp.h">
      <Filter>network\slirp</Filter>
    </ClInclude>
    <ClInclude Include="..\..\..\network\slirp\slirp_config.h">
      <Filter>network\slirp</Filter>
    </ClInclude>
    <ClInclude Include="..\..\..\network\slirp\socket.h">
      <Filter>network\slirp</Filter>
    </ClInclude>
    <ClInclude Include="..\..\..\network\slirp\tcp.h">
      <Filter>network\slirp</Filter>
    </ClInclude>
    <ClInclude Include="..\..\..\network\slirp\tcp_timer.h">
      <Filter>network\slirp</Filter>
    </ClInclude>
    <ClInclude Include="..\..\..\network\slirp\tcp_var.h">
      <Filter>network\slirp</Filter>
    </ClInclude>
    <ClInclude Include="..\..\..\network\slirp\tcpip.h">
      <Filter>network\slirp</Filter>
    </ClInclude>
    <ClInclude Include="..\..\..\network\slirp\udp.h">
      <Filter>network\slirp</Filter>
    </ClInclude>
    <ClInclude Include="..\..\..\network\bswap.h">
      <Filter>network</Filter>
    </ClInclude>
    <ClInclude Include="..\..\..\network\net_ne2000.h">
      <Filter>network</Filter>
    </ClInclude>
    <ClInclude Include="..\..\..\network\network.h">
      <Filter>network</Filter>
    </ClInclude>
    <ClInclude Include="..\..\..\ports\game.h">
      <Filter>ports</Filter>
    </ClInclude>
    <ClInclude Include="..\..\..\ports\game_dev.h">
      <Filter>ports</Filter>
    </ClInclude>
    <ClInclude Include="..\..\..\ports\parallel.h">
      <Filter>ports</Filter>
    </ClInclude>
    <ClInclude Include="..\..\..\ports\parallel_dev.h">
      <Filter>ports</Filter>
    </ClInclude>
    <ClInclude Include="..\..\..\ports\serial.h">
      <Filter>ports</Filter>
    </ClInclude>
    <ClInclude Include="..\..\..\scsi\queue.h">
      <Filter>scsi</Filter>
    </ClInclude>
    <ClInclude Include="..\..\..\scsi\scsi.h">
      <Filter>scsi</Filter>
    </ClInclude>
    <ClInclude Include="..\..\..\scsi\scsi_aha154x.h">
      <Filter>scsi</Filter>
    </ClInclude>
    <ClInclude Include="..\..\..\scsi\scsi_buslogic.h">
      <Filter>scsi</Filter>
    </ClInclude>
    <ClInclude Include="..\..\..\scsi\scsi_device.h">
      <Filter>scsi</Filter>
    </ClInclude>
    <ClInclude Include="..\..\..\scsi\scsi_disk.h">
      <Filter>scsi</Filter>
    </ClInclude>
    <ClInclude Include="..\..\..\scsi\scsi_ncr53c810.h">
      <Filter>scsi</Filter>
    </ClInclude>
    <ClInclude Include="..\..\..\scsi\scsi_ncr5380.h">
      <Filter>scsi</Filter>
    </ClInclude>
    <ClInclude Include="..\..\..\scsi\scsi_x54x.h">
      <Filter>scsi</Filter>
    </ClInclude>
    <ClInclude Include="..\..\..\sio\sio.h">
      <Filter>sio</Filter>
    </ClInclude>
    <ClInclude Include="..\..\..\sound\resid-fp\envelope.h">
      <Filter>sound\resid-fp</Filter>
    </ClInclude>
    <ClInclude Include="..\..\..\sound\resid-fp\extfilt.h">
      <Filter>sound\resid-fp</Filter>
    </ClInclude>
    <ClInclude Include="..\..\..\sound\resid-fp\filter.h">
      <Filter>sound\resid-fp</Filter>
    </ClInclude>
    <ClInclude Include="..\..\..\sound\resid-fp\pot.h">
      <Filter>sound\resid-fp</Filter>
    </ClInclude>
    <ClInclude Include="..\..\..\sound\resid-fp\sid.h">
      <Filter>sound\resid-fp</Filter>
    </ClInclude>
    <ClInclude Include="..\..\..\sound\resid-fp\siddefs-fp.h">
      <Filter>sound\resid-fp</Filter>
    </ClInclude>
    <ClInclude Include="..\..\..\sound\resid-fp\voice.h">
      <Filter>sound\resid-fp</Filter>
    </ClInclude>
    <ClInclude Include="..\..\..\sound\resid-fp\wave.h">
      <Filter>sound\resid-fp</Filter>
    </ClInclude>
    <ClInclude Include="..\..\..\sound\munt\sha1\sha1.h">
      <Filter>sound\munt\sha1</Filter>
    </ClInclude>
    <ClInclude Include="..\..\..\sound\munt\c_interface\c_interface.h">
      <Filter>sound\munt\c_interface</Filter>
    </ClInclude>
    <ClInclude Include="..\..\..\sound\munt\c_interface\c_types.h">
      <Filter>sound\munt\c_interface</Filter>
    </ClInclude>
    <ClInclude Include="..\..\..\sound\munt\c_interface\cpp_interface.h">
      <Filter>sound\munt\c_interface</Filter>
    </ClInclude>
    <ClInclude Include="..\..\..\sound\munt\config.h">
      <Filter>sound\munt</Filter>
    </ClInclude>
    <ClInclude Include="..\..\..\sound\munt\Analog.h">
      <Filter>sound\munt</Filter>
    </ClInclude>
    <ClInclude Include="..\..\..\sound\munt\BReverbModel.h">
      <Filter>sound\munt</Filter>
    </ClInclude>
    <ClInclude Include="..\..\..\sound\munt\Enumerations.h">
      <Filter>sound\munt</Filter>
    </ClInclude>
    <ClInclude Include="..\..\..\sound\munt\File.h">
      <Filter>sound\munt</Filter>
    </ClInclude>
    <ClInclude Include="..\..\..\sound\munt\FileStream.h">
      <Filter>sound\munt</Filter>
    </ClInclude>
    <ClInclude Include="..\..\..\sound\munt\globals.h">
      <Filter>sound\munt</Filter>
    </ClInclude>
    <ClInclude Include="..\..\..\sound\munt\internals.h">
      <Filter>sound\munt</Filter>
    </ClInclude>
    <ClInclude Include="..\..\..\sound\munt\LA32FloatWaveGenerator.h">
      <Filter>sound\munt</Filter>
    </ClInclude>
    <ClInclude Include="..\..\..\sound\munt\LA32Ramp.h">
      <Filter>sound\munt</Filter>
    </ClInclude>
    <ClInclude Include="..\..\..\sound\munt\LA32WaveGenerator.h">
      <Filter>sound\munt</Filter>
    </ClInclude>
    <ClInclude Include="..\..\..\sound\munt\MemoryRegion.h">
      <Filter>sound\munt</Filter>
    </ClInclude>
    <ClInclude Include="..\..\..\sound\munt\MidiEventQueue.h">
      <Filter>sound\munt</Filter>
    </ClInclude>
    <ClInclude Include="..\..\..\sound\munt\MidiStreamParser.h">
      <Filter>sound\munt</Filter>
    </ClInclude>
    <ClInclude Include="..\..\..\sound\munt\mmath.h">
      <Filter>sound\munt</Filter>
    </ClInclude>
    <ClInclude Include="..\..\..\sound\munt\mt32emu.h">
      <Filter>sound\munt</Filter>
    </ClInclude>
    <ClInclude Include="..\..\..\sound\munt\Part.h">
      <Filter>sound\munt</Filter>
    </ClInclude>
    <ClInclude Include="..\..\..\sound\munt\Partial.h">
      <Filter>sound\munt</Filter>
    </ClInclude>
    <ClInclude Include="..\..\..\sound\munt\PartialManager.h">
      <Filter>sound\munt</Filter>
    </ClInclude>
    <ClInclude Include="..\..\..\sound\munt\Poly.h">
      <Filter>sound\munt</Filter>
    </ClInclude>
    <ClInclude Include="..\..\..\sound\munt\ROMInfo.h">
      <Filter>sound\munt</Filter>
    </ClInclude>
    <ClInclude Include="..\..\..\sound\munt\Structures.h">
      <Filter>sound\munt</Filter>
    </ClInclude>
    <ClInclude Include="..\..\..\sound\munt\Synth.h">
      <Filter>sound\munt</Filter>
    </ClInclude>
    <ClInclude Include="..\..\..\sound\munt\Tables.h">
      <Filter>sound\munt</Filter>
    </ClInclude>
    <ClInclude Include="..\..\..\sound\munt\TVA.h">
      <Filter>sound\munt</Filter>
    </ClInclude>
    <ClInclude Include="..\..\..\sound\munt\TVF.h">
      <Filter>sound\munt</Filter>
    </ClInclude>
    <ClInclude Include="..\..\..\sound\munt\TVP.h">
      <Filter>sound\munt</Filter>
    </ClInclude>
    <ClInclude Include="..\..\..\sound\munt\Types.h">
      <Filter>sound\munt</Filter>
    </ClInclude>
    <ClInclude Include="..\..\..\sound\dbopl.h">
      <Filter>sound</Filter>
    </ClInclude>
    <ClInclude Include="..\..\..\sound\filters.h">
      <Filter>sound</Filter>
    </ClInclude>
    <ClInclude Include="..\..\..\sound\midi.h">
      <Filter>sound</Filter>
    </ClInclude>
    <ClInclude Include="..\..\..\sound\midi_mt32.h">
      <Filter>sound</Filter>
    </ClInclude>
    <ClInclude Include="..\..\..\sound\midi_system.h">
      <Filter>sound</Filter>
    </ClInclude>
    <ClInclude Include="..\..\..\sound\nukedopl.h">
      <Filter>sound</Filter>
    </ClInclude>
    <ClInclude Include="..\..\..\sound\snd_ad1848.h">
      <Filter>sound</Filter>
    </ClInclude>
    <ClInclude Include="..\..\..\sound\snd_dbopl.h">
      <Filter>sound</Filter>
    </ClInclude>
    <ClInclude Include="..\..\..\sound\snd_emu8k.h">
      <Filter>sound</Filter>
    </ClInclude>
    <ClInclude Include="..\..\..\sound\snd_lpt_dac.h">
      <Filter>sound</Filter>
    </ClInclude>
    <ClInclude Include="..\..\..\sound\snd_lpt_dss.h">
      <Filter>sound</Filter>
    </ClInclude>
    <ClInclude Include="..\..\..\sound\snd_mpu401.h">
      <Filter>sound</Filter>
    </ClInclude>
    <ClInclude Include="..\..\..\sound\snd_opl.h">
      <Filter>sound</Filter>
    </ClInclude>
    <ClInclude Include="..\..\..\sound\snd_resid.h">
      <Filter>sound</Filter>
    </ClInclude>
    <ClInclude Include="..\..\..\sound\snd_sb.h">
      <Filter>sound</Filter>
    </ClInclude>
    <ClInclude Include="..\..\..\sound\snd_sb_dsp.h">
      <Filter>sound</Filter>
    </ClInclude>
    <ClInclude Include="..\..\..\sound\snd_sn76489.h">
      <Filter>sound</Filter>
    </ClInclude>
    <ClInclude Include="..\..\..\sound\snd_speaker.h">
      <Filter>sound</Filter>
    </ClInclude>
    <ClInclude Include="..\..\..\sound\snd_ym7128.h">
      <Filter>sound</Filter>
    </ClInclude>
    <ClInclude Include="..\..\..\sound\sound.h">
      <Filter>sound</Filter>
    </ClInclude>
    <ClInclude Include="..\..\..\ui\ui.h">
      <Filter>ui</Filter>
    </ClInclude>
    <ClInclude Include="..\..\..\ui\ui_resource.h">
      <Filter>ui</Filter>
    </ClInclude>
    <ClInclude Include="..\..\..\video\video.h">
      <Filter>video</Filter>
    </ClInclude>
    <ClInclude Include="..\..\..\video\vid_ati_eeprom.h">
      <Filter>video</Filter>
    </ClInclude>
    <ClInclude Include="..\..\..\video\vid_ati68860_ramdac.h">
      <Filter>video</Filter>
    </ClInclude>
    <ClInclude Include="..\..\..\video\vid_bt485_ramdac.h">
      <Filter>video</Filter>
    </ClInclude>
    <ClInclude Include="..\..\..\video\vid_cga.h">
      <Filter>video</Filter>
    </ClInclude>
    <ClInclude Include="..\..\..\video\vid_cga_comp.h">
      <Filter>video</Filter>
    </ClInclude>
    <ClInclude Include="..\..\..\video\vid_ega.h">
      <Filter>video</Filter>
    </ClInclude>
    <ClInclude Include="..\..\..\video\vid_ega_render.h">
      <Filter>video</Filter>
    </ClInclude>
    <ClInclude Include="..\..\..\video\vid_icd2061.h">
      <Filter>video</Filter>
    </ClInclude>
    <ClInclude Include="..\..\..\video\vid_ics2595.h">
      <Filter>video</Filter>
    </ClInclude>
    <ClInclude Include="..\..\..\video\vid_sc1502x_ramdac.h">
      <Filter>video</Filter>
    </ClInclude>
    <ClInclude Include="..\..\..\video\vid_sdac_ramdac.h">
      <Filter>video</Filter>
    </ClInclude>
    <ClInclude Include="..\..\..\video\vid_stg_ramdac.h">
      <Filter>video</Filter>
    </ClInclude>
    <ClInclude Include="..\..\..\video\vid_svga.h">
      <Filter>video</Filter>
    </ClInclude>
    <ClInclude Include="..\..\..\video\vid_svga_render.h">
      <Filter>video</Filter>
    </ClInclude>
    <ClInclude Include="..\..\..\video\vid_tkd8001_ramdac.h">
      <Filter>video</Filter>
    </ClInclude>
    <ClInclude Include="..\..\..\video\vid_voodoo_codegen_x86.h">
      <Filter>video</Filter>
    </ClInclude>
    <ClInclude Include="..\..\..\video\vid_voodoo_codegen_x86-64.h">
      <Filter>video</Filter>
    </ClInclude>
    <ClInclude Include="..\..\..\video\vid_voodoo_dither.h">
      <Filter>video</Filter>
    </ClInclude>
    <ClInclude Include="..\..\..\win\plat_dir.h">
      <Filter>win</Filter>
    </ClInclude>
    <ClInclude Include="..\..\..\win\resource.h">
      <Filter>win</Filter>
    </ClInclude>
    <ClInclude Include="..\..\..\win\win.h">
      <Filter>win</Filter>
    </ClInclude>
    <ClInclude Include="..\..\..\win\win_d3d.h">
      <Filter>win</Filter>
    </ClInclude>
    <ClInclude Include="..\..\..\win\win_ddraw.h">
      <Filter>win</Filter>
    </ClInclude>
  </ItemGroup>
  <ItemGroup>
    <Filter Include="cdrom">
      <UniqueIdentifier>{33d139d2-8501-4ec5-adf5-30695fd66b58}</UniqueIdentifier>
    </Filter>
    <Filter Include="cpu">
      <UniqueIdentifier>{7a5514af-a83b-483a-bfac-af1e20215c22}</UniqueIdentifier>
    </Filter>
    <Filter Include="disk">
      <UniqueIdentifier>{0eb40b0a-0704-4966-b094-dc23e7fb1224}</UniqueIdentifier>
    </Filter>
    <Filter Include="floppy">
      <UniqueIdentifier>{a9a86e4f-b4eb-4687-a979-f97b394db706}</UniqueIdentifier>
    </Filter>
    <Filter Include="floppy\lzf">
      <UniqueIdentifier>{98d7b877-02b8-4c6b-b2b6-d2cc49f357bc}</UniqueIdentifier>
    </Filter>
    <Filter Include="input">
      <UniqueIdentifier>{923338ef-338a-4592-9839-9f8587d93c52}</UniqueIdentifier>
    </Filter>
    <Filter Include="input\game">
      <UniqueIdentifier>{fc7fc92b-b4da-4f3c-a5c7-4d2548b60fb2}</UniqueIdentifier>
    </Filter>
    <Filter Include="machine">
      <UniqueIdentifier>{a99de26d-e4fd-4223-952c-21f1657a20e7}</UniqueIdentifier>
    </Filter>
    <Filter Include="network">
      <UniqueIdentifier>{7cae45b9-af45-4f82-9c53-a4e3094ddee4}</UniqueIdentifier>
    </Filter>
    <Filter Include="network\slirp">
      <UniqueIdentifier>{c0afa9df-08d3-40a6-a4d4-88fb97816009}</UniqueIdentifier>
    </Filter>
    <Filter Include="ports">
      <UniqueIdentifier>{b9d0388f-b14d-4448-85fe-7179fff3f77f}</UniqueIdentifier>
    </Filter>
    <Filter Include="scsi">
      <UniqueIdentifier>{515f18e5-5eab-42f6-8364-37f02bc4f964}</UniqueIdentifier>
    </Filter>
    <Filter Include="sio">
      <UniqueIdentifier>{4fc4a59c-bb7c-45d7-a467-a06198e71472}</UniqueIdentifier>
    </Filter>
    <Filter Include="sound">
      <UniqueIdentifier>{2617b8d7-3afc-4f23-a0c8-936dab6c38b6}</UniqueIdentifier>
    </Filter>
    <Filter Include="sound\munt">
      <UniqueIdentifier>{b28a24be-02cf-4896-9c96-aee25851df13}</UniqueIdentifier>
    </Filter>
    <Filter Include="sound\resid-fp">
      <UniqueIdentifier>{74dd2459-6b2f-4123-bddd-37f561ea710d}</UniqueIdentifier>
    </Filter>
    <Filter Include="sound\munt\c_interface">
      <UniqueIdentifier>{b8b30a24-da56-40f2-9a15-9c90ec2a98ed}</UniqueIdentifier>
    </Filter>
    <Filter Include="sound\munt\sha1">
      <UniqueIdentifier>{144b7265-aa9e-453b-9855-78cd74ef9b76}</UniqueIdentifier>
    </Filter>
    <Filter Include="ui">
      <UniqueIdentifier>{7cec753e-1e2c-4ebd-ba5b-e728767c949f}</UniqueIdentifier>
    </Filter>
    <Filter Include="video">
      <UniqueIdentifier>{99b35c64-342c-4f15-89b0-47c15f8db344}</UniqueIdentifier>
    </Filter>
    <Filter Include="win">
      <UniqueIdentifier>{cb655d08-c712-4197-9eb8-2f5b7f49eed1}</UniqueIdentifier>
    </Filter>
  </ItemGroup>
  <ItemGroup>
    <ResourceCompile Include="..\..\VARCem.rc">
      <Filter>win</Filter>
    </ResourceCompile>
  </ItemGroup>
</Project>
