<?xml version="1.0" encoding="utf-8"?>
<Project ToolsVersion="4.0" xmlns="http://schemas.microsoft.com/developer/msbuild/2003">
  <ItemGroup>
    <Filter Include="cdrom">
      <UniqueIdentifier>{69e2513c-1659-477c-9344-9b231ece2a86}</UniqueIdentifier>
    </Filter>
    <Filter Include="cpu">
      <UniqueIdentifier>{394484c6-8edd-4c7a-b725-59ce97316964}</UniqueIdentifier>
    </Filter>
    <Filter Include="crcspeed">
      <UniqueIdentifier>{ad1696e2-c2ca-4137-9625-79ab0e568358}</UniqueIdentifier>
    </Filter>
    <Filter Include="disk">
      <UniqueIdentifier>{0e80f090-ba1b-4742-b521-57640a5e7409}</UniqueIdentifier>
    </Filter>
    <Filter Include="floppy">
      <UniqueIdentifier>{b4e8f582-13b4-42b9-a728-d386257f820e}</UniqueIdentifier>
    </Filter>
    <Filter Include="game">
      <UniqueIdentifier>{b2b26f7e-4730-45e6-a7dd-9d81acf5d9a9}</UniqueIdentifier>
    </Filter>
    <Filter Include="lang">
      <UniqueIdentifier>{1cbc69cc-abf3-4c3f-9045-daa90d321744}</UniqueIdentifier>
    </Filter>
    <Filter Include="lzf">
      <UniqueIdentifier>{457389db-e409-4241-b97d-092998f7e1eb}</UniqueIdentifier>
    </Filter>
    <Filter Include="machine">
      <UniqueIdentifier>{b465915e-1bb4-47a0-9282-195835d10527}</UniqueIdentifier>
    </Filter>
    <Filter Include="network">
      <UniqueIdentifier>{9e35190e-96a0-4f69-805e-2f06ce93664a}</UniqueIdentifier>
    </Filter>
    <Filter Include="network\slirp">
      <UniqueIdentifier>{8011339f-543c-45cd-bd16-bcd69d5fe800}</UniqueIdentifier>
    </Filter>
    <Filter Include="scsi">
      <UniqueIdentifier>{a823d659-3f80-40e4-ab99-109af8ed3310}</UniqueIdentifier>
    </Filter>
    <Filter Include="sound">
      <UniqueIdentifier>{3b7f4688-3464-43cb-82c4-28bf8bbf9008}</UniqueIdentifier>
    </Filter>
    <Filter Include="sound\munt">
      <UniqueIdentifier>{cf05d527-ca0f-4dea-b5cd-5a3684f5d117}</UniqueIdentifier>
    </Filter>
    <Filter Include="sound\munt\sha1">
      <UniqueIdentifier>{cd17d813-c024-462b-a1f3-93e91bbce743}</UniqueIdentifier>
    </Filter>
    <Filter Include="sound\munt\c_interface">
      <UniqueIdentifier>{2058cdb5-46fe-4746-9e0d-1fe616e59cbd}</UniqueIdentifier>
    </Filter>
    <Filter Include="sound\resid-fp">
      <UniqueIdentifier>{c3116352-12eb-4f63-a311-ae64e220b19e}</UniqueIdentifier>
    </Filter>
    <Filter Include="video">
      <UniqueIdentifier>{f1fcd10c-95aa-45e9-80a6-a27563d0549b}</UniqueIdentifier>
    </Filter>
    <Filter Include="win">
      <UniqueIdentifier>{631aa0fe-dc9f-4e98-853b-6c8e82e555a1}</UniqueIdentifier>
    </Filter>
  </ItemGroup>
  <ItemGroup>
    <ClCompile Include="..\..\src\cdrom\cdrom.c">
      <Filter>cdrom</Filter>
    </ClCompile>
    <ClCompile Include="..\..\src\cdrom\cdrom_dosbox.cpp">
      <Filter>cdrom</Filter>
    </ClCompile>
    <ClCompile Include="..\..\src\cdrom\cdrom_null.c">
      <Filter>cdrom</Filter>
    </ClCompile>
    <ClCompile Include="..\..\src\cpu\386.c">
      <Filter>cpu</Filter>
    </ClCompile>
    <ClCompile Include="..\..\src\cpu\386_dynarec.c">
      <Filter>cpu</Filter>
    </ClCompile>
    <ClCompile Include="..\..\src\cpu\386_dynarec_ops.c">
      <Filter>cpu</Filter>
    </ClCompile>
    <ClCompile Include="..\..\src\cpu\808x.c">
      <Filter>cpu</Filter>
    </ClCompile>
    <ClCompile Include="..\..\src\cpu\codegen.c">
      <Filter>cpu</Filter>
    </ClCompile>
    <ClCompile Include="..\..\src\cpu\codegen_ops.c">
      <Filter>cpu</Filter>
    </ClCompile>
    <ClCompile Include="..\..\src\cpu\codegen_timing_486.c">
      <Filter>cpu</Filter>
    </ClCompile>
    <ClCompile Include="..\..\src\cpu\codegen_timing_686.c">
      <Filter>cpu</Filter>
    </ClCompile>
    <ClCompile Include="..\..\src\cpu\codegen_timing_common.c">
      <Filter>cpu</Filter>
    </ClCompile>
    <ClCompile Include="..\..\src\cpu\codegen_timing_pentium.c">
      <Filter>cpu</Filter>
    </ClCompile>
    <ClCompile Include="..\..\src\cpu\codegen_timing_winchip.c">
      <Filter>cpu</Filter>
    </ClCompile>
    <ClCompile Include="..\..\src\cpu\codegen_x86.c">
      <Filter>cpu</Filter>
    </ClCompile>
    <ClCompile Include="..\..\src\cpu\codegen_x86-64.c">
      <Filter>cpu</Filter>
    </ClCompile>
    <ClCompile Include="..\..\src\cpu\cpu.c">
      <Filter>cpu</Filter>
    </ClCompile>
    <ClCompile Include="..\..\src\cpu\cpu_table.c">
      <Filter>cpu</Filter>
    </ClCompile>
    <ClCompile Include="..\..\src\cpu\x86seg.c">
      <Filter>cpu</Filter>
    </ClCompile>
    <ClCompile Include="..\..\src\cpu\x87.c">
      <Filter>cpu</Filter>
    </ClCompile>
    <ClCompile Include="..\..\src\crcspeed\crc64speed.c">
      <Filter>crcspeed</Filter>
    </ClCompile>
    <ClCompile Include="..\..\src\crcspeed\crcspeed.c">
      <Filter>crcspeed</Filter>
    </ClCompile>
    <ClCompile Include="..\..\src\disk\hdc.c">
      <Filter>disk</Filter>
    </ClCompile>
    <ClCompile Include="..\..\src\disk\hdc_esdi_at.c">
      <Filter>disk</Filter>
    </ClCompile>
    <ClCompile Include="..\..\src\disk\hdc_esdi_mca.c">
      <Filter>disk</Filter>
    </ClCompile>
    <ClCompile Include="..\..\src\disk\hdc_ide.c">
      <Filter>disk</Filter>
    </ClCompile>
    <ClCompile Include="..\..\src\disk\hdc_mfm_at.c">
      <Filter>disk</Filter>
    </ClCompile>
    <ClCompile Include="..\..\src\disk\hdc_mfm_xt.c">
      <Filter>disk</Filter>
    </ClCompile>
    <ClCompile Include="..\..\src\disk\hdc_xtide.c">
      <Filter>disk</Filter>
    </ClCompile>
    <ClCompile Include="..\..\src\disk\hdd.c">
      <Filter>disk</Filter>
    </ClCompile>
    <ClCompile Include="..\..\src\disk\hdd_image.c">
      <Filter>disk</Filter>
    </ClCompile>
    <ClCompile Include="..\..\src\disk\hdd_table.c">
      <Filter>disk</Filter>
    </ClCompile>
    <ClCompile Include="..\..\src\floppy\fdc.c">
      <Filter>floppy</Filter>
    </ClCompile>
    <ClCompile Include="..\..\src\floppy\fdd.c">
      <Filter>floppy</Filter>
    </ClCompile>
    <ClCompile Include="..\..\src\floppy\fdd_86f.c">
      <Filter>floppy</Filter>
    </ClCompile>
    <ClCompile Include="..\..\src\floppy\fdd_common.c">
      <Filter>floppy</Filter>
    </ClCompile>
    <ClCompile Include="..\..\src\floppy\fdd_fdi.c">
      <Filter>floppy</Filter>
    </ClCompile>
    <ClCompile Include="..\..\src\floppy\fdd_imd.c">
      <Filter>floppy</Filter>
    </ClCompile>
    <ClCompile Include="..\..\src\floppy\fdd_img.c">
      <Filter>floppy</Filter>
    </ClCompile>
    <ClCompile Include="..\..\src\floppy\fdd_json.c">
      <Filter>floppy</Filter>
    </ClCompile>
    <ClCompile Include="..\..\src\floppy\fdd_td0.c">
      <Filter>floppy</Filter>
    </ClCompile>
    <ClCompile Include="..\..\src\floppy\fdi2raw.c">
      <Filter>floppy</Filter>
    </ClCompile>
    <ClCompile Include="..\..\src\game\gameport.c">
      <Filter>game</Filter>
    </ClCompile>
    <ClCompile Include="..\..\src\game\joystick_ch_flightstick_pro.c">
      <Filter>game</Filter>
    </ClCompile>
    <ClCompile Include="..\..\src\game\joystick_standard.c">
      <Filter>game</Filter>
    </ClCompile>
    <ClCompile Include="..\..\src\game\joystick_sw_pad.c">
      <Filter>game</Filter>
    </ClCompile>
    <ClCompile Include="..\..\src\game\joystick_tm_fcs.c">
      <Filter>game</Filter>
    </ClCompile>
    <ClCompile Include="..\..\src\lzf\lzf_c.c">
      <Filter>lzf</Filter>
    </ClCompile>
    <ClCompile Include="..\..\src\lzf\lzf_d.c">
      <Filter>lzf</Filter>
    </ClCompile>
    <ClCompile Include="..\..\src\machine\m_amstrad.c">
      <Filter>machine</Filter>
    </ClCompile>
    <ClCompile Include="..\..\src\machine\m_at.c">
      <Filter>machine</Filter>
    </ClCompile>
    <ClCompile Include="..\..\src\machine\m_at_4gpv31.c">
      <Filter>machine</Filter>
    </ClCompile>
    <ClCompile Include="..\..\src\machine\m_at_430fx.c">
      <Filter>machine</Filter>
    </ClCompile>
    <ClCompile Include="..\..\src\machine\m_at_430hx.c">
      <Filter>machine</Filter>
    </ClCompile>
    <ClCompile Include="..\..\src\machine\m_at_430lx_nx.c">
      <Filter>machine</Filter>
    </ClCompile>
    <ClCompile Include="..\..\src\machine\m_at_430vx.c">
      <Filter>machine</Filter>
    </ClCompile>
    <ClCompile Include="..\..\src\machine\m_at_440fx.c">
      <Filter>machine</Filter>
    </ClCompile>
    <ClCompile Include="..\..\src\machine\m_at_ali1429.c">
      <Filter>machine</Filter>
    </ClCompile>
    <ClCompile Include="..\..\src\machine\m_at_commodore.c">
      <Filter>machine</Filter>
    </ClCompile>
    <ClCompile Include="..\..\src\machine\m_at_compaq.c">
      <Filter>machine</Filter>
    </ClCompile>
    <ClCompile Include="..\..\src\machine\m_at_headland.c">
      <Filter>machine</Filter>
    </ClCompile>
    <ClCompile Include="..\..\src\machine\m_at_neat.c">
      <Filter>machine</Filter>
    </ClCompile>
    <ClCompile Include="..\..\src\machine\m_at_opti495.c">
      <Filter>machine</Filter>
    </ClCompile>
    <ClCompile Include="..\..\src\machine\m_at_scat.c">
      <Filter>machine</Filter>
    </ClCompile>
    <ClCompile Include="..\..\src\machine\m_at_sis_85c50x.c">
      <Filter>machine</Filter>
    </ClCompile>
    <ClCompile Include="..\..\src\machine\m_at_sis_85c471.c">
      <Filter>machine</Filter>
    </ClCompile>
    <ClCompile Include="..\..\src\machine\m_at_sis_85c496.c">
      <Filter>machine</Filter>
    </ClCompile>
    <ClCompile Include="..\..\src\machine\m_at_t3100e.c">
      <Filter>machine</Filter>
    </ClCompile>
    <ClCompile Include="..\..\src\machine\m_at_wd76c10.c">
      <Filter>machine</Filter>
    </ClCompile>
    <ClCompile Include="..\..\src\machine\m_europc.c">
      <Filter>machine</Filter>
    </ClCompile>
    <ClCompile Include="..\..\src\machine\m_europc_hdc.c">
      <Filter>machine</Filter>
    </ClCompile>
    <ClCompile Include="..\..\src\machine\m_olivetti_m24.c">
      <Filter>machine</Filter>
    </ClCompile>
    <ClCompile Include="..\..\src\machine\m_pcjr.c">
      <Filter>machine</Filter>
    </ClCompile>
    <ClCompile Include="..\..\src\machine\m_ps1.c">
      <Filter>machine</Filter>
    </ClCompile>
    <ClCompile Include="..\..\src\machine\m_ps2_isa.c">
      <Filter>machine</Filter>
    </ClCompile>
    <ClCompile Include="..\..\src\machine\m_ps2_mca.c">
      <Filter>machine</Filter>
    </ClCompile>
    <ClCompile Include="..\..\src\machine\m_tandy.c">
      <Filter>machine</Filter>
    </ClCompile>
    <ClCompile Include="..\..\src\machine\m_xt.c">
      <Filter>machine</Filter>
    </ClCompile>
    <ClCompile Include="..\..\src\machine\m_xt_compaq.c">
      <Filter>machine</Filter>
    </ClCompile>
    <ClCompile Include="..\..\src\machine\machine.c">
      <Filter>machine</Filter>
    </ClCompile>
    <ClCompile Include="..\..\src\machine\machine_table.c">
      <Filter>machine</Filter>
    </ClCompile>
    <ClCompile Include="..\..\src\network\net_ne2000.c">
      <Filter>network</Filter>
    </ClCompile>
    <ClCompile Include="..\..\src\network\net_pcap.c">
      <Filter>network</Filter>
    </ClCompile>
    <ClCompile Include="..\..\src\network\net_slirp.c">
      <Filter>network</Filter>
    </ClCompile>
    <ClCompile Include="..\..\src\network\network.c">
      <Filter>network</Filter>
    </ClCompile>
    <ClCompile Include="..\..\src\network\slirp\bootp.c">
      <Filter>network\slirp</Filter>
    </ClCompile>
    <ClCompile Include="..\..\src\network\slirp\cksum.c">
      <Filter>network\slirp</Filter>
    </ClCompile>
    <ClCompile Include="..\..\src\network\slirp\debug.c">
      <Filter>network\slirp</Filter>
    </ClCompile>
    <ClCompile Include="..\..\src\network\slirp\if.c">
      <Filter>network\slirp</Filter>
    </ClCompile>
    <ClCompile Include="..\..\src\network\slirp\ip_icmp.c">
      <Filter>network\slirp</Filter>
    </ClCompile>
    <ClCompile Include="..\..\src\network\slirp\ip_input.c">
      <Filter>network\slirp</Filter>
    </ClCompile>
    <ClCompile Include="..\..\src\network\slirp\ip_output.c">
      <Filter>network\slirp</Filter>
    </ClCompile>
    <ClCompile Include="..\..\src\network\slirp\mbuf.c">
      <Filter>network\slirp</Filter>
    </ClCompile>
    <ClCompile Include="..\..\src\network\slirp\misc.c">
      <Filter>network\slirp</Filter>
    </ClCompile>
    <ClCompile Include="..\..\src\network\slirp\queue.c">
      <Filter>network\slirp</Filter>
    </ClCompile>
    <ClCompile Include="..\..\src\network\slirp\sbuf.c">
      <Filter>network\slirp</Filter>
    </ClCompile>
    <ClCompile Include="..\..\src\network\slirp\slirp.c">
      <Filter>network\slirp</Filter>
    </ClCompile>
    <ClCompile Include="..\..\src\network\slirp\socket.c">
      <Filter>network\slirp</Filter>
    </ClCompile>
    <ClCompile Include="..\..\src\network\slirp\tcp_input.c">
      <Filter>network\slirp</Filter>
    </ClCompile>
    <ClCompile Include="..\..\src\network\slirp\tcp_output.c">
      <Filter>network\slirp</Filter>
    </ClCompile>
    <ClCompile Include="..\..\src\network\slirp\tcp_subr.c">
      <Filter>network\slirp</Filter>
    </ClCompile>
    <ClCompile Include="..\..\src\network\slirp\tcp_timer.c">
      <Filter>network\slirp</Filter>
    </ClCompile>
    <ClCompile Include="..\..\src\network\slirp\udp.c">
      <Filter>network\slirp</Filter>
    </ClCompile>
    <ClCompile Include="..\..\src\scsi\scsi.c">
      <Filter>scsi</Filter>
    </ClCompile>
    <ClCompile Include="..\..\src\scsi\scsi_aha154x.c">
      <Filter>scsi</Filter>
    </ClCompile>
    <ClCompile Include="..\..\src\scsi\scsi_bus.c">
      <Filter>scsi</Filter>
    </ClCompile>
    <ClCompile Include="..\..\src\scsi\scsi_buslogic.c">
      <Filter>scsi</Filter>
    </ClCompile>
    <ClCompile Include="..\..\src\scsi\scsi_device.c">
      <Filter>scsi</Filter>
    </ClCompile>
    <ClCompile Include="..\..\src\scsi\scsi_disk.c">
      <Filter>scsi</Filter>
    </ClCompile>
    <ClCompile Include="..\..\src\scsi\scsi_ncr53c810.c">
      <Filter>scsi</Filter>
    </ClCompile>
    <ClCompile Include="..\..\src\scsi\scsi_ncr5380.c">
      <Filter>scsi</Filter>
    </ClCompile>
    <ClCompile Include="..\..\src\scsi\scsi_x54x.c">
      <Filter>scsi</Filter>
    </ClCompile>
    <ClCompile Include="..\..\src\sound\dbopl.cpp">
      <Filter>sound</Filter>
    </ClCompile>
    <ClCompile Include="..\..\src\sound\midi.c">
      <Filter>sound</Filter>
    </ClCompile>
    <ClCompile Include="..\..\src\sound\midi_mt32.c">
      <Filter>sound</Filter>
    </ClCompile>
    <ClCompile Include="..\..\src\sound\midi_system.c">
      <Filter>sound</Filter>
    </ClCompile>
    <ClCompile Include="..\..\src\sound\nukedopl.cpp">
      <Filter>sound</Filter>
    </ClCompile>
    <ClCompile Include="..\..\src\sound\openal.c">
      <Filter>sound</Filter>
    </ClCompile>
    <ClCompile Include="..\..\src\sound\snd_ad1848.c">
      <Filter>sound</Filter>
    </ClCompile>
    <ClCompile Include="..\..\src\sound\snd_adlib.c">
      <Filter>sound</Filter>
    </ClCompile>
    <ClCompile Include="..\..\src\sound\snd_adlibgold.c">
      <Filter>sound</Filter>
    </ClCompile>
    <ClCompile Include="..\..\src\sound\snd_audiopci.c">
      <Filter>sound</Filter>
    </ClCompile>
    <ClCompile Include="..\..\src\sound\snd_cms.c">
      <Filter>sound</Filter>
    </ClCompile>
    <ClCompile Include="..\..\src\sound\snd_emu8k.c">
      <Filter>sound</Filter>
    </ClCompile>
    <ClCompile Include="..\..\src\sound\snd_gus.c">
      <Filter>sound</Filter>
    </ClCompile>
    <ClCompile Include="..\..\src\sound\snd_lpt_dac.c">
      <Filter>sound</Filter>
    </ClCompile>
    <ClCompile Include="..\..\src\sound\snd_lpt_dss.c">
      <Filter>sound</Filter>
    </ClCompile>
    <ClCompile Include="..\..\src\sound\snd_mpu401.c">
      <Filter>sound</Filter>
    </ClCompile>
    <ClCompile Include="..\..\src\sound\snd_opl.c">
      <Filter>sound</Filter>
    </ClCompile>
    <ClCompile Include="..\..\src\sound\snd_pas16.c">
      <Filter>sound</Filter>
    </ClCompile>
    <ClCompile Include="..\..\src\sound\snd_pssj.c">
      <Filter>sound</Filter>
    </ClCompile>
    <ClCompile Include="..\..\src\sound\snd_sb.c">
      <Filter>sound</Filter>
    </ClCompile>
    <ClCompile Include="..\..\src\sound\snd_sb_dsp.c">
      <Filter>sound</Filter>
    </ClCompile>
    <ClCompile Include="..\..\src\sound\snd_sn76489.c">
      <Filter>sound</Filter>
    </ClCompile>
    <ClCompile Include="..\..\src\sound\snd_speaker.c">
      <Filter>sound</Filter>
    </ClCompile>
    <ClCompile Include="..\..\src\sound\snd_ssi2001.c">
      <Filter>sound</Filter>
    </ClCompile>
    <ClCompile Include="..\..\src\sound\snd_wss.c">
      <Filter>sound</Filter>
    </ClCompile>
    <ClCompile Include="..\..\src\sound\snd_ym7128.c">
      <Filter>sound</Filter>
    </ClCompile>
    <ClCompile Include="..\..\src\sound\sound.c">
      <Filter>sound</Filter>
    </ClCompile>
    <ClCompile Include="..\..\src\sound\munt\Analog.cpp">
      <Filter>sound\munt</Filter>
    </ClCompile>
    <ClCompile Include="..\..\src\sound\munt\BReverbModel.cpp">
      <Filter>sound\munt</Filter>
    </ClCompile>
    <ClCompile Include="..\..\src\sound\munt\File.cpp">
      <Filter>sound\munt</Filter>
    </ClCompile>
    <ClCompile Include="..\..\src\sound\munt\FileStream.cpp">
      <Filter>sound\munt</Filter>
    </ClCompile>
    <ClCompile Include="..\..\src\sound\munt\LA32FloatWaveGenerator.cpp">
      <Filter>sound\munt</Filter>
    </ClCompile>
    <ClCompile Include="..\..\src\sound\munt\LA32Ramp.cpp">
      <Filter>sound\munt</Filter>
    </ClCompile>
    <ClCompile Include="..\..\src\sound\munt\LA32WaveGenerator.cpp">
      <Filter>sound\munt</Filter>
    </ClCompile>
    <ClCompile Include="..\..\src\sound\munt\MidiStreamParser.cpp">
      <Filter>sound\munt</Filter>
    </ClCompile>
    <ClCompile Include="..\..\src\sound\munt\Part.cpp">
      <Filter>sound\munt</Filter>
    </ClCompile>
    <ClCompile Include="..\..\src\sound\munt\Partial.cpp">
      <Filter>sound\munt</Filter>
    </ClCompile>
    <ClCompile Include="..\..\src\sound\munt\PartialManager.cpp">
      <Filter>sound\munt</Filter>
    </ClCompile>
    <ClCompile Include="..\..\src\sound\munt\Poly.cpp">
      <Filter>sound\munt</Filter>
    </ClCompile>
    <ClCompile Include="..\..\src\sound\munt\ROMInfo.cpp">
      <Filter>sound\munt</Filter>
    </ClCompile>
    <ClCompile Include="..\..\src\sound\munt\SampleRateConverter_dummy.cpp">
      <Filter>sound\munt</Filter>
    </ClCompile>
    <ClCompile Include="..\..\src\sound\munt\Synth.cpp">
      <Filter>sound\munt</Filter>
    </ClCompile>
    <ClCompile Include="..\..\src\sound\munt\Tables.cpp">
      <Filter>sound\munt</Filter>
    </ClCompile>
    <ClCompile Include="..\..\src\sound\munt\TVA.cpp">
      <Filter>sound\munt</Filter>
    </ClCompile>
    <ClCompile Include="..\..\src\sound\munt\TVF.cpp">
      <Filter>sound\munt</Filter>
    </ClCompile>
    <ClCompile Include="..\..\src\sound\munt\TVP.cpp">
      <Filter>sound\munt</Filter>
    </ClCompile>
    <ClCompile Include="..\..\src\sound\munt\c_interface\c_interface.cpp">
      <Filter>sound\munt\c_interface</Filter>
    </ClCompile>
    <ClCompile Include="..\..\src\sound\munt\sha1\sha1.cpp">
      <Filter>sound\munt\sha1</Filter>
    </ClCompile>
    <ClCompile Include="..\..\src\video\vid_ati_eeprom.c">
      <Filter>video</Filter>
    </ClCompile>
    <ClCompile Include="..\..\src\video\vid_ati_mach64.c">
      <Filter>video</Filter>
    </ClCompile>
    <ClCompile Include="..\..\src\video\vid_ati18800.c">
      <Filter>video</Filter>
    </ClCompile>
    <ClCompile Include="..\..\src\video\vid_ati28800.c">
      <Filter>video</Filter>
    </ClCompile>
    <ClCompile Include="..\..\src\video\vid_ati68860_ramdac.c">
      <Filter>video</Filter>
    </ClCompile>
    <ClCompile Include="..\..\src\video\vid_bt485_ramdac.c">
      <Filter>video</Filter>
    </ClCompile>
    <ClCompile Include="..\..\src\video\vid_cga.c">
      <Filter>video</Filter>
    </ClCompile>
    <ClCompile Include="..\..\src\video\vid_cga_comp.c">
      <Filter>video</Filter>
    </ClCompile>
    <ClCompile Include="..\..\src\video\vid_cl54xx.c">
      <Filter>video</Filter>
    </ClCompile>
    <ClCompile Include="..\..\src\video\vid_colorplus.c">
      <Filter>video</Filter>
    </ClCompile>
    <ClCompile Include="..\..\src\video\vid_compaq_cga.c">
      <Filter>video</Filter>
    </ClCompile>
    <ClCompile Include="..\..\src\video\vid_ega.c">
      <Filter>video</Filter>
    </ClCompile>
    <ClCompile Include="..\..\src\video\vid_ega_render.c">
      <Filter>video</Filter>
    </ClCompile>
    <ClCompile Include="..\..\src\video\vid_et4000.c">
      <Filter>video</Filter>
    </ClCompile>
    <ClCompile Include="..\..\src\video\vid_et4000w32.c">
      <Filter>video</Filter>
    </ClCompile>
    <ClCompile Include="..\..\src\video\vid_genius.c">
      <Filter>video</Filter>
    </ClCompile>
    <ClCompile Include="..\..\src\video\vid_hercules.c">
      <Filter>video</Filter>
    </ClCompile>
    <ClCompile Include="..\..\src\video\vid_herculesplus.c">
      <Filter>video</Filter>
    </ClCompile>
    <ClCompile Include="..\..\src\video\vid_icd2061.c">
      <Filter>video</Filter>
    </ClCompile>
    <ClCompile Include="..\..\src\video\vid_ics2595.c">
      <Filter>video</Filter>
    </ClCompile>
    <ClCompile Include="..\..\src\video\vid_incolor.c">
      <Filter>video</Filter>
    </ClCompile>
    <ClCompile Include="..\..\src\video\vid_mda.c">
      <Filter>video</Filter>
    </ClCompile>
    <ClCompile Include="..\..\src\video\vid_oti067.c">
      <Filter>video</Filter>
    </ClCompile>
    <ClCompile Include="..\..\src\video\vid_paradise.c">
      <Filter>video</Filter>
    </ClCompile>
    <ClCompile Include="..\..\src\video\vid_s3.c">
      <Filter>video</Filter>
    </ClCompile>
    <ClCompile Include="..\..\src\video\vid_s3_virge.c">
      <Filter>video</Filter>
    </ClCompile>
    <ClCompile Include="..\..\src\video\vid_sc1502x_ramdac.c">
      <Filter>video</Filter>
    </ClCompile>
    <ClCompile Include="..\..\src\video\vid_sdac_ramdac.c">
      <Filter>video</Filter>
    </ClCompile>
    <ClCompile Include="..\..\src\video\vid_stg_ramdac.c">
      <Filter>video</Filter>
    </ClCompile>
    <ClCompile Include="..\..\src\video\vid_svga.c">
      <Filter>video</Filter>
    </ClCompile>
    <ClCompile Include="..\..\src\video\vid_svga_render.c">
      <Filter>video</Filter>
    </ClCompile>
    <ClCompile Include="..\..\src\video\vid_t3100e.c">
      <Filter>video</Filter>
    </ClCompile>
    <ClCompile Include="..\..\src\video\vid_table.c">
      <Filter>video</Filter>
    </ClCompile>
    <ClCompile Include="..\..\src\video\vid_tgui9440.c">
      <Filter>video</Filter>
    </ClCompile>
    <ClCompile Include="..\..\src\video\vid_ti_cf62011.c">
      <Filter>video</Filter>
    </ClCompile>
    <ClCompile Include="..\..\src\video\vid_tkd8001_ramdac.c">
      <Filter>video</Filter>
    </ClCompile>
    <ClCompile Include="..\..\src\video\vid_tvga.c">
      <Filter>video</Filter>
    </ClCompile>
    <ClCompile Include="..\..\src\video\vid_vga.c">
      <Filter>video</Filter>
    </ClCompile>
    <ClCompile Include="..\..\src\video\vid_voodoo.c">
      <Filter>video</Filter>
    </ClCompile>
    <ClCompile Include="..\..\src\video\vid_wy700.c">
      <Filter>video</Filter>
    </ClCompile>
    <ClCompile Include="..\..\src\video\video.c">
      <Filter>video</Filter>
    </ClCompile>
    <ClCompile Include="..\..\src\win\win.c">
      <Filter>win</Filter>
    </ClCompile>
    <ClCompile Include="..\..\src\win\win_about.c">
      <Filter>win</Filter>
    </ClCompile>
    <ClCompile Include="..\..\src\win\win_cdrom.c">
      <Filter>win</Filter>
    </ClCompile>
    <ClCompile Include="..\..\src\win\win_cdrom_ioctl.c">
      <Filter>win</Filter>
    </ClCompile>
    <ClCompile Include="..\..\src\win\win_crashdump.c">
      <Filter>win</Filter>
    </ClCompile>
    <ClCompile Include="..\..\src\win\win_d3d.cpp">
      <Filter>win</Filter>
    </ClCompile>
    <ClCompile Include="..\..\src\win\win_ddraw.cpp">
      <Filter>win</Filter>
    </ClCompile>
    <ClCompile Include="..\..\src\win\win_devconf.c">
      <Filter>win</Filter>
    </ClCompile>
    <ClCompile Include="..\..\src\win\win_dialog.c">
      <Filter>win</Filter>
    </ClCompile>
    <ClCompile Include="..\..\src\win\win_dynld.c">
      <Filter>win</Filter>
    </ClCompile>
    <ClCompile Include="..\..\src\win\win_joystick.cpp">
      <Filter>win</Filter>
    </ClCompile>
    <ClCompile Include="..\..\src\win\win_jsconf.c">
      <Filter>win</Filter>
    </ClCompile>
    <ClCompile Include="..\..\src\win\win_keyboard.c">
      <Filter>win</Filter>
    </ClCompile>
    <ClCompile Include="..\..\src\win\win_midi.c">
      <Filter>win</Filter>
    </ClCompile>
    <ClCompile Include="..\..\src\win\win_mouse.cpp">
      <Filter>win</Filter>
    </ClCompile>
    <ClCompile Include="..\..\src\win\win_new_floppy.c">
      <Filter>win</Filter>
    </ClCompile>
    <ClCompile Include="..\..\src\win\win_opendir.c">
      <Filter>win</Filter>
    </ClCompile>
    <ClCompile Include="..\..\src\win\win_png.c">
      <Filter>win</Filter>
    </ClCompile>
    <ClCompile Include="..\..\src\win\win_settings.c">
      <Filter>win</Filter>
    </ClCompile>
    <ClCompile Include="..\..\src\win\win_snd_gain.c">
      <Filter>win</Filter>
    </ClCompile>
    <ClCompile Include="..\..\src\win\win_status.c">
      <Filter>win</Filter>
    </ClCompile>
    <ClCompile Include="..\..\src\win\win_stbar.c">
      <Filter>win</Filter>
    </ClCompile>
    <ClCompile Include="..\..\src\win\win_thread.c">
      <Filter>win</Filter>
    </ClCompile>
    <ClCompile Include="..\..\src\win\win_ui.c">
      <Filter>win</Filter>
    </ClCompile>
    <ClCompile Include="..\..\src\bugger.c" />
    <ClCompile Include="..\..\src\config.c" />
    <ClCompile Include="..\..\src\device.c" />
    <ClCompile Include="..\..\src\dma.c" />
    <ClCompile Include="..\..\src\i82335.c" />
    <ClCompile Include="..\..\src\intel.c" />
    <ClCompile Include="..\..\src\intel_flash.c" />
    <ClCompile Include="..\..\src\intel_piix.c" />
    <ClCompile Include="..\..\src\intel_piix4.c" />
    <ClCompile Include="..\..\src\intel_sio.c" />
    <ClCompile Include="..\..\src\io.c" />
    <ClCompile Include="..\..\src\keyboard.c" />
    <ClCompile Include="..\..\src\keyboard_at.c" />
    <ClCompile Include="..\..\src\keyboard_xt.c" />
    <ClCompile Include="..\..\src\lpt.c" />
    <ClCompile Include="..\..\src\mca.c" />
    <ClCompile Include="..\..\src\mcr.c" />
    <ClCompile Include="..\..\src\mem.c" />
    <ClCompile Include="..\..\src\memregs.c" />
    <ClCompile Include="..\..\src\mouse.c" />
    <ClCompile Include="..\..\src\mouse_bus.c" />
    <ClCompile Include="..\..\src\mouse_ps2.c" />
    <ClCompile Include="..\..\src\mouse_serial.c" />
    <ClCompile Include="..\..\src\nmi.c" />
    <ClCompile Include="..\..\src\nvr.c" />
    <ClCompile Include="..\..\src\nvr_at.c" />
    <ClCompile Include="..\..\src\nvr_ps2.c" />
    <ClCompile Include="..\..\src\pc.c" />
    <ClCompile Include="..\..\src\pci.c" />
    <ClCompile Include="..\..\src\pic.c" />
    <ClCompile Include="..\..\src\pit.c" />
    <ClCompile Include="..\..\src\ppi.c" />
    <ClCompile Include="..\..\src\random.c" />
    <ClCompile Include="..\..\src\rom.c" />
    <ClCompile Include="..\..\src\serial.c" />
    <ClCompile Include="..\..\src\sio_detect.c" />
    <ClCompile Include="..\..\src\sio_fdc37c66x.c" />
    <ClCompile Include="..\..\src\sio_fdc37c93x.c" />
    <ClCompile Include="..\..\src\sio_fdc37c669.c" />
    <ClCompile Include="..\..\src\sio_pc87306.c" />
    <ClCompile Include="..\..\src\sio_um8669f.c" />
    <ClCompile Include="..\..\src\sio_w83877f.c" />
    <ClCompile Include="..\..\src\timer.c" />
    <ClCompile Include="..\..\src\zip.c" />
    <ClCompile Include="..\..\src\sound\resid-fp\wave8580_PST.cpp">
      <Filter>sound\resid-fp</Filter>
    </ClCompile>
    <ClCompile Include="..\..\src\sound\resid-fp\voice.cpp">
      <Filter>sound\resid-fp</Filter>
    </ClCompile>
    <ClCompile Include="..\..\src\sound\resid-fp\wave.cpp">
      <Filter>sound\resid-fp</Filter>
    </ClCompile>
    <ClCompile Include="..\..\src\sound\resid-fp\wave6581__ST.cpp">
      <Filter>sound\resid-fp</Filter>
    </ClCompile>
    <ClCompile Include="..\..\src\sound\resid-fp\wave6581_P_T.cpp">
      <Filter>sound\resid-fp</Filter>
    </ClCompile>
    <ClCompile Include="..\..\src\sound\resid-fp\wave6581_PS_.cpp">
      <Filter>sound\resid-fp</Filter>
    </ClCompile>
    <ClCompile Include="..\..\src\sound\resid-fp\wave6581_PST.cpp">
      <Filter>sound\resid-fp</Filter>
    </ClCompile>
    <ClCompile Include="..\..\src\sound\resid-fp\wave8580__ST.cpp">
      <Filter>sound\resid-fp</Filter>
    </ClCompile>
    <ClCompile Include="..\..\src\sound\resid-fp\wave8580_P_T.cpp">
      <Filter>sound\resid-fp</Filter>
    </ClCompile>
    <ClCompile Include="..\..\src\sound\resid-fp\wave8580_PS_.cpp">
      <Filter>sound\resid-fp</Filter>
    </ClCompile>
    <ClCompile Include="..\..\src\sound\resid-fp\sid.cpp">
      <Filter>sound\resid-fp</Filter>
    </ClCompile>
    <ClCompile Include="..\..\src\sound\resid-fp\pot.cpp">
      <Filter>sound\resid-fp</Filter>
    </ClCompile>
    <ClCompile Include="..\..\src\sound\resid-fp\filter.cpp">
      <Filter>sound\resid-fp</Filter>
    </ClCompile>
    <ClCompile Include="..\..\src\sound\resid-fp\extfilt.cpp">
      <Filter>sound\resid-fp</Filter>
    </ClCompile>
    <ClCompile Include="..\..\src\sound\resid-fp\envelope.cpp">
      <Filter>sound\resid-fp</Filter>
    </ClCompile>
    <ClCompile Include="..\..\src\sound\resid-fp\convolve-sse.cpp">
      <Filter>sound\resid-fp</Filter>
    </ClCompile>
    <ClCompile Include="..\..\src\sound\resid-fp\convolve.cpp">
      <Filter>sound\resid-fp</Filter>
    </ClCompile>
    <ClCompile Include="..\..\src\sound\snd_dbopl.cpp">
      <Filter>sound</Filter>
    </ClCompile>
    <ClCompile Include="..\..\src\sound\snd_resid.cpp">
      <Filter>sound</Filter>
    </ClCompile>
    <ClCompile Include="..\..\src\cdrom\cdrom_image.cpp">
      <Filter>cdrom</Filter>
    </ClCompile>
  </ItemGroup>
  <ItemGroup>
    <ClInclude Include="..\..\src\cdrom\cdrom.h">
      <Filter>cdrom</Filter>
    </ClInclude>
    <ClInclude Include="..\..\src\cdrom\cdrom_dosbox.h">
      <Filter>cdrom</Filter>
    </ClInclude>
    <ClInclude Include="..\..\src\cdrom\cdrom_image.h">
      <Filter>cdrom</Filter>
    </ClInclude>
    <ClInclude Include="..\..\src\cdrom\cdrom_null.h">
      <Filter>cdrom</Filter>
    </ClInclude>
    <ClInclude Include="..\..\src\cpu\386.h">
      <Filter>cpu</Filter>
    </ClInclude>
    <ClInclude Include="..\..\src\cpu\386_common.h">
      <Filter>cpu</Filter>
    </ClInclude>
    <ClInclude Include="..\..\src\cpu\386_ops.h">
      <Filter>cpu</Filter>
    </ClInclude>
    <ClInclude Include="..\..\src\cpu\codegen.h">
      <Filter>cpu</Filter>
    </ClInclude>
    <ClInclude Include="..\..\src\cpu\codegen_ops.h">
      <Filter>cpu</Filter>
    </ClInclude>
    <ClInclude Include="..\..\src\cpu\codegen_ops_arith.h">
      <Filter>cpu</Filter>
    </ClInclude>
    <ClInclude Include="..\..\src\cpu\codegen_ops_fpu.h">
      <Filter>cpu</Filter>
    </ClInclude>
    <ClInclude Include="..\..\src\cpu\codegen_ops_jump.h">
      <Filter>cpu</Filter>
    </ClInclude>
    <ClInclude Include="..\..\src\cpu\codegen_ops_logic.h">
      <Filter>cpu</Filter>
    </ClInclude>
    <ClInclude Include="..\..\src\cpu\codegen_ops_misc.h">
      <Filter>cpu</Filter>
    </ClInclude>
    <ClInclude Include="..\..\src\cpu\codegen_ops_mmx.h">
      <Filter>cpu</Filter>
    </ClInclude>
    <ClInclude Include="..\..\src\cpu\codegen_ops_mov.h">
      <Filter>cpu</Filter>
    </ClInclude>
    <ClInclude Include="..\..\src\cpu\codegen_ops_shift.h">
      <Filter>cpu</Filter>
    </ClInclude>
    <ClInclude Include="..\..\src\cpu\codegen_ops_stack.h">
      <Filter>cpu</Filter>
    </ClInclude>
    <ClInclude Include="..\..\src\cpu\codegen_ops_x86.h">
      <Filter>cpu</Filter>
    </ClInclude>
    <ClInclude Include="..\..\src\cpu\codegen_ops_x86-64.h">
      <Filter>cpu</Filter>
    </ClInclude>
    <ClInclude Include="..\..\src\cpu\codegen_ops_xchg.h">
      <Filter>cpu</Filter>
    </ClInclude>
    <ClInclude Include="..\..\src\cpu\codegen_timing_common.h">
      <Filter>cpu</Filter>
    </ClInclude>
    <ClInclude Include="..\..\src\cpu\codegen_x86.h">
      <Filter>cpu</Filter>
    </ClInclude>
    <ClInclude Include="..\..\src\cpu\codegen_x86-64.h">
      <Filter>cpu</Filter>
    </ClInclude>
    <ClInclude Include="..\..\src\cpu\cpu.h">
      <Filter>cpu</Filter>
    </ClInclude>
    <ClInclude Include="..\..\src\cpu\x86.h">
      <Filter>cpu</Filter>
    </ClInclude>
    <ClInclude Include="..\..\src\cpu\x86_flags.h">
      <Filter>cpu</Filter>
    </ClInclude>
    <ClInclude Include="..\..\src\cpu\x86_ops.h">
      <Filter>cpu</Filter>
    </ClInclude>
    <ClInclude Include="..\..\src\cpu\x86_ops_amd.h">
      <Filter>cpu</Filter>
    </ClInclude>
    <ClInclude Include="..\..\src\cpu\x86_ops_arith.h">
      <Filter>cpu</Filter>
    </ClInclude>
    <ClInclude Include="..\..\src\cpu\x86_ops_atomic.h">
      <Filter>cpu</Filter>
    </ClInclude>
    <ClInclude Include="..\..\src\cpu\x86_ops_bcd.h">
      <Filter>cpu</Filter>
    </ClInclude>
    <ClInclude Include="..\..\src\cpu\x86_ops_bit.h">
      <Filter>cpu</Filter>
    </ClInclude>
    <ClInclude Include="..\..\src\cpu\x86_ops_bitscan.h">
      <Filter>cpu</Filter>
    </ClInclude>
    <ClInclude Include="..\..\src\cpu\x86_ops_call.h">
      <Filter>cpu</Filter>
    </ClInclude>
    <ClInclude Include="..\..\src\cpu\x86_ops_flag.h">
      <Filter>cpu</Filter>
    </ClInclude>
    <ClInclude Include="..\..\src\cpu\x86_ops_fpu.h">
      <Filter>cpu</Filter>
    </ClInclude>
    <ClInclude Include="..\..\src\cpu\x86_ops_i686.h">
      <Filter>cpu</Filter>
    </ClInclude>
    <ClInclude Include="..\..\src\cpu\x86_ops_inc_dec.h">
      <Filter>cpu</Filter>
    </ClInclude>
    <ClInclude Include="..\..\src\cpu\x86_ops_int.h">
      <Filter>cpu</Filter>
    </ClInclude>
    <ClInclude Include="..\..\src\cpu\x86_ops_io.h">
      <Filter>cpu</Filter>
    </ClInclude>
    <ClInclude Include="..\..\src\cpu\x86_ops_jump.h">
      <Filter>cpu</Filter>
    </ClInclude>
    <ClInclude Include="..\..\src\cpu\x86_ops_misc.h">
      <Filter>cpu</Filter>
    </ClInclude>
    <ClInclude Include="..\..\src\cpu\x86_ops_mmx.h">
      <Filter>cpu</Filter>
    </ClInclude>
    <ClInclude Include="..\..\src\cpu\x86_ops_mmx_arith.h">
      <Filter>cpu</Filter>
    </ClInclude>
    <ClInclude Include="..\..\src\cpu\x86_ops_mmx_cmp.h">
      <Filter>cpu</Filter>
    </ClInclude>
    <ClInclude Include="..\..\src\cpu\x86_ops_mmx_logic.h">
      <Filter>cpu</Filter>
    </ClInclude>
    <ClInclude Include="..\..\src\cpu\x86_ops_mmx_mov.h">
      <Filter>cpu</Filter>
    </ClInclude>
    <ClInclude Include="..\..\src\cpu\x86_ops_mmx_pack.h">
      <Filter>cpu</Filter>
    </ClInclude>
    <ClInclude Include="..\..\src\cpu\x86_ops_mmx_shift.h">
      <Filter>cpu</Filter>
    </ClInclude>
    <ClInclude Include="..\..\src\cpu\x86_ops_mov.h">
      <Filter>cpu</Filter>
    </ClInclude>
    <ClInclude Include="..\..\src\cpu\x86_ops_mov_ctrl.h">
      <Filter>cpu</Filter>
    </ClInclude>
    <ClInclude Include="..\..\src\cpu\x86_ops_mov_seg.h">
      <Filter>cpu</Filter>
    </ClInclude>
    <ClInclude Include="..\..\src\cpu\x86_ops_movx.h">
      <Filter>cpu</Filter>
    </ClInclude>
    <ClInclude Include="..\..\src\cpu\x86_ops_msr.h">
      <Filter>cpu</Filter>
    </ClInclude>
    <ClInclude Include="..\..\src\cpu\x86_ops_mul.h">
      <Filter>cpu</Filter>
    </ClInclude>
    <ClInclude Include="..\..\src\cpu\x86_ops_pmode.h">
      <Filter>cpu</Filter>
    </ClInclude>
    <ClInclude Include="..\..\src\cpu\x86_ops_prefix.h">
      <Filter>cpu</Filter>
    </ClInclude>
    <ClInclude Include="..\..\src\cpu\x86_ops_rep.h">
      <Filter>cpu</Filter>
    </ClInclude>
    <ClInclude Include="..\..\src\cpu\x86_ops_ret.h">
      <Filter>cpu</Filter>
    </ClInclude>
    <ClInclude Include="..\..\src\cpu\x86_ops_set.h">
      <Filter>cpu</Filter>
    </ClInclude>
    <ClInclude Include="..\..\src\cpu\x86_ops_shift.h">
      <Filter>cpu</Filter>
    </ClInclude>
    <ClInclude Include="..\..\src\cpu\x86_ops_stack.h">
      <Filter>cpu</Filter>
    </ClInclude>
    <ClInclude Include="..\..\src\cpu\x86_ops_string.h">
      <Filter>cpu</Filter>
    </ClInclude>
    <ClInclude Include="..\..\src\cpu\x86_ops_xchg.h">
      <Filter>cpu</Filter>
    </ClInclude>
    <ClInclude Include="..\..\src\cpu\x86seg.h">
      <Filter>cpu</Filter>
    </ClInclude>
    <ClInclude Include="..\..\src\cpu\x87.h">
      <Filter>cpu</Filter>
    </ClInclude>
    <ClInclude Include="..\..\src\cpu\x87_ops.h">
      <Filter>cpu</Filter>
    </ClInclude>
    <ClInclude Include="..\..\src\cpu\x87_ops_arith.h">
      <Filter>cpu</Filter>
    </ClInclude>
    <ClInclude Include="..\..\src\cpu\x87_ops_loadstore.h">
      <Filter>cpu</Filter>
    </ClInclude>
    <ClInclude Include="..\..\src\cpu\x87_ops_misc.h">
      <Filter>cpu</Filter>
    </ClInclude>
    <ClInclude Include="..\..\src\crcspeed\crc64speed.h">
      <Filter>crcspeed</Filter>
    </ClInclude>
    <ClInclude Include="..\..\src\crcspeed\crcspeed.h">
      <Filter>crcspeed</Filter>
    </ClInclude>
    <ClInclude Include="..\..\src\disk\hdc.h">
      <Filter>disk</Filter>
    </ClInclude>
    <ClInclude Include="..\..\src\disk\hdc_ide.h">
      <Filter>disk</Filter>
    </ClInclude>
    <ClInclude Include="..\..\src\disk\hdd.h">
      <Filter>disk</Filter>
    </ClInclude>
    <ClInclude Include="..\..\src\floppy\fdc.h">
      <Filter>floppy</Filter>
    </ClInclude>
    <ClInclude Include="..\..\src\floppy\fdd.h">
      <Filter>floppy</Filter>
    </ClInclude>
    <ClInclude Include="..\..\src\floppy\fdd_86f.h">
      <Filter>floppy</Filter>
    </ClInclude>
    <ClInclude Include="..\..\src\floppy\fdd_common.h">
      <Filter>floppy</Filter>
    </ClInclude>
    <ClInclude Include="..\..\src\floppy\fdd_fdi.h">
      <Filter>floppy</Filter>
    </ClInclude>
    <ClInclude Include="..\..\src\floppy\fdd_imd.h">
      <Filter>floppy</Filter>
    </ClInclude>
    <ClInclude Include="..\..\src\floppy\fdd_img.h">
      <Filter>floppy</Filter>
    </ClInclude>
    <ClInclude Include="..\..\src\floppy\fdd_json.h">
      <Filter>floppy</Filter>
    </ClInclude>
    <ClInclude Include="..\..\src\floppy\fdd_td0.h">
      <Filter>floppy</Filter>
    </ClInclude>
    <ClInclude Include="..\..\src\floppy\fdi2raw.h">
      <Filter>floppy</Filter>
    </ClInclude>
    <ClInclude Include="..\..\src\game\gameport.h">
      <Filter>game</Filter>
    </ClInclude>
    <ClInclude Include="..\..\src\game\joystick_ch_flightstick_pro.h">
      <Filter>game</Filter>
    </ClInclude>
    <ClInclude Include="..\..\src\game\joystick_standard.h">
      <Filter>game</Filter>
    </ClInclude>
    <ClInclude Include="..\..\src\game\joystick_sw_pad.h">
      <Filter>game</Filter>
    </ClInclude>
    <ClInclude Include="..\..\src\game\joystick_tm_fcs.h">
      <Filter>game</Filter>
    </ClInclude>
    <ClInclude Include="..\..\src\lang\language.h">
      <Filter>lang</Filter>
    </ClInclude>
    <ClInclude Include="..\..\src\lzf\lzf.h">
      <Filter>lzf</Filter>
    </ClInclude>
    <ClInclude Include="..\..\src\lzf\lzfP.h">
      <Filter>lzf</Filter>
    </ClInclude>
    <ClInclude Include="..\..\src\machine\m_at_t3100e.h">
      <Filter>machine</Filter>
    </ClInclude>
    <ClInclude Include="..\..\src\machine\machine.h">
      <Filter>machine</Filter>
    </ClInclude>
    <ClInclude Include="..\..\src\network\bswap.h">
      <Filter>network</Filter>
    </ClInclude>
    <ClInclude Include="..\..\src\network\net_ne2000.h">
      <Filter>network</Filter>
    </ClInclude>
    <ClInclude Include="..\..\src\network\network.h">
      <Filter>network</Filter>
    </ClInclude>
    <ClInclude Include="..\..\src\network\slirp\bootp.h">
      <Filter>network\slirp</Filter>
    </ClInclude>
    <ClInclude Include="..\..\src\network\slirp\config.h">
      <Filter>network\slirp</Filter>
    </ClInclude>
    <ClInclude Include="..\..\src\network\slirp\config-host.h">
      <Filter>network\slirp</Filter>
    </ClInclude>
    <ClInclude Include="..\..\src\network\slirp\ctl.h">
      <Filter>network\slirp</Filter>
    </ClInclude>
    <ClInclude Include="..\..\src\network\slirp\debug.h">
      <Filter>network\slirp</Filter>
    </ClInclude>
    <ClInclude Include="..\..\src\network\slirp\icmp_var.h">
      <Filter>network\slirp</Filter>
    </ClInclude>
    <ClInclude Include="..\..\src\network\slirp\if.h">
      <Filter>network\slirp</Filter>
    </ClInclude>
    <ClInclude Include="..\..\src\network\slirp\ip.h">
      <Filter>network\slirp</Filter>
    </ClInclude>
    <ClInclude Include="..\..\src\network\slirp\ip_icmp.h">
      <Filter>network\slirp</Filter>
    </ClInclude>
    <ClInclude Include="..\..\src\network\slirp\libslirp.h">
      <Filter>network\slirp</Filter>
    </ClInclude>
    <ClInclude Include="..\..\src\network\slirp\main.h">
      <Filter>network\slirp</Filter>
    </ClInclude>
    <ClInclude Include="..\..\src\network\slirp\mbuf.h">
      <Filter>network\slirp</Filter>
    </ClInclude>
    <ClInclude Include="..\..\src\network\slirp\misc.h">
      <Filter>network\slirp</Filter>
    </ClInclude>
    <ClInclude Include="..\..\src\network\slirp\queue.h">
      <Filter>network\slirp</Filter>
    </ClInclude>
    <ClInclude Include="..\..\src\network\slirp\sbuf.h">
      <Filter>network\slirp</Filter>
    </ClInclude>
    <ClInclude Include="..\..\src\network\slirp\slirp.h">
      <Filter>network\slirp</Filter>
    </ClInclude>
    <ClInclude Include="..\..\src\network\slirp\slirp_config.h">
      <Filter>network\slirp</Filter>
    </ClInclude>
    <ClInclude Include="..\..\src\network\slirp\socket.h">
      <Filter>network\slirp</Filter>
    </ClInclude>
    <ClInclude Include="..\..\src\network\slirp\tcp.h">
      <Filter>network\slirp</Filter>
    </ClInclude>
    <ClInclude Include="..\..\src\network\slirp\tcp_timer.h">
      <Filter>network\slirp</Filter>
    </ClInclude>
    <ClInclude Include="..\..\src\network\slirp\tcp_var.h">
      <Filter>network\slirp</Filter>
    </ClInclude>
    <ClInclude Include="..\..\src\network\slirp\tcpip.h">
      <Filter>network\slirp</Filter>
    </ClInclude>
    <ClInclude Include="..\..\src\network\slirp\udp.h">
      <Filter>network\slirp</Filter>
    </ClInclude>
    <ClInclude Include="..\..\src\scsi\queue.h">
      <Filter>scsi</Filter>
    </ClInclude>
    <ClInclude Include="..\..\src\scsi\scsi.h">
      <Filter>scsi</Filter>
    </ClInclude>
    <ClInclude Include="..\..\src\scsi\scsi_aha154x.h">
      <Filter>scsi</Filter>
    </ClInclude>
    <ClInclude Include="..\..\src\scsi\scsi_buslogic.h">
      <Filter>scsi</Filter>
    </ClInclude>
    <ClInclude Include="..\..\src\scsi\scsi_device.h">
      <Filter>scsi</Filter>
    </ClInclude>
    <ClInclude Include="..\..\src\scsi\scsi_disk.h">
      <Filter>scsi</Filter>
    </ClInclude>
    <ClInclude Include="..\..\src\scsi\scsi_ncr53c810.h">
      <Filter>scsi</Filter>
    </ClInclude>
    <ClInclude Include="..\..\src\scsi\scsi_ncr5380.h">
      <Filter>scsi</Filter>
    </ClInclude>
    <ClInclude Include="..\..\src\scsi\scsi_x54x.h">
      <Filter>scsi</Filter>
    </ClInclude>
    <ClInclude Include="..\..\src\sound\dbopl.h">
      <Filter>sound</Filter>
    </ClInclude>
    <ClInclude Include="..\..\src\sound\filters.h">
      <Filter>sound</Filter>
    </ClInclude>
    <ClInclude Include="..\..\src\sound\midi.h">
      <Filter>sound</Filter>
    </ClInclude>
    <ClInclude Include="..\..\src\sound\midi_mt32.h">
      <Filter>sound</Filter>
    </ClInclude>
    <ClInclude Include="..\..\src\sound\midi_system.h">
      <Filter>sound</Filter>
    </ClInclude>
    <ClInclude Include="..\..\src\sound\nukedopl.h">
      <Filter>sound</Filter>
    </ClInclude>
    <ClInclude Include="..\..\src\sound\snd_ad1848.h">
      <Filter>sound</Filter>
    </ClInclude>
    <ClInclude Include="..\..\src\sound\snd_adlib.h">
      <Filter>sound</Filter>
    </ClInclude>
    <ClInclude Include="..\..\src\sound\snd_adlibgold.h">
      <Filter>sound</Filter>
    </ClInclude>
    <ClInclude Include="..\..\src\sound\snd_audiopci.h">
      <Filter>sound</Filter>
    </ClInclude>
    <ClInclude Include="..\..\src\sound\snd_cms.h">
      <Filter>sound</Filter>
    </ClInclude>
    <ClInclude Include="..\..\src\sound\snd_dbopl.h">
      <Filter>sound</Filter>
    </ClInclude>
    <ClInclude Include="..\..\src\sound\snd_emu8k.h">
      <Filter>sound</Filter>
    </ClInclude>
    <ClInclude Include="..\..\src\sound\snd_gus.h">
      <Filter>sound</Filter>
    </ClInclude>
    <ClInclude Include="..\..\src\sound\snd_lpt_dac.h">
      <Filter>sound</Filter>
    </ClInclude>
    <ClInclude Include="..\..\src\sound\snd_lpt_dss.h">
      <Filter>sound</Filter>
    </ClInclude>
    <ClInclude Include="..\..\src\sound\snd_mpu401.h">
      <Filter>sound</Filter>
    </ClInclude>
    <ClInclude Include="..\..\src\sound\snd_opl.h">
      <Filter>sound</Filter>
    </ClInclude>
    <ClInclude Include="..\..\src\sound\snd_pas16.h">
      <Filter>sound</Filter>
    </ClInclude>
    <ClInclude Include="..\..\src\sound\snd_pssj.h">
      <Filter>sound</Filter>
    </ClInclude>
    <ClInclude Include="..\..\src\sound\snd_resid.h">
      <Filter>sound</Filter>
    </ClInclude>
    <ClInclude Include="..\..\src\sound\snd_sb.h">
      <Filter>sound</Filter>
    </ClInclude>
    <ClInclude Include="..\..\src\sound\snd_sb_dsp.h">
      <Filter>sound</Filter>
    </ClInclude>
    <ClInclude Include="..\..\src\sound\snd_sn76489.h">
      <Filter>sound</Filter>
    </ClInclude>
    <ClInclude Include="..\..\src\sound\snd_speaker.h">
      <Filter>sound</Filter>
    </ClInclude>
    <ClInclude Include="..\..\src\sound\snd_ssi2001.h">
      <Filter>sound</Filter>
    </ClInclude>
    <ClInclude Include="..\..\src\sound\snd_wss.h">
      <Filter>sound</Filter>
    </ClInclude>
    <ClInclude Include="..\..\src\sound\snd_ym7128.h">
      <Filter>sound</Filter>
    </ClInclude>
    <ClInclude Include="..\..\src\sound\sound.h">
      <Filter>sound</Filter>
    </ClInclude>
    <ClInclude Include="..\..\src\sound\munt\Analog.h">
      <Filter>sound\munt</Filter>
    </ClInclude>
    <ClInclude Include="..\..\src\sound\munt\BReverbModel.h">
      <Filter>sound\munt</Filter>
    </ClInclude>
    <ClInclude Include="..\..\src\sound\munt\config.h">
      <Filter>sound\munt</Filter>
    </ClInclude>
    <ClInclude Include="..\..\src\sound\munt\Enumerations.h">
      <Filter>sound\munt</Filter>
    </ClInclude>
    <ClInclude Include="..\..\src\sound\munt\File.h">
      <Filter>sound\munt</Filter>
    </ClInclude>
    <ClInclude Include="..\..\src\sound\munt\FileStream.h">
      <Filter>sound\munt</Filter>
    </ClInclude>
    <ClInclude Include="..\..\src\sound\munt\globals.h">
      <Filter>sound\munt</Filter>
    </ClInclude>
    <ClInclude Include="..\..\src\sound\munt\internals.h">
      <Filter>sound\munt</Filter>
    </ClInclude>
    <ClInclude Include="..\..\src\sound\munt\LA32FloatWaveGenerator.h">
      <Filter>sound\munt</Filter>
    </ClInclude>
    <ClInclude Include="..\..\src\sound\munt\LA32Ramp.h">
      <Filter>sound\munt</Filter>
    </ClInclude>
    <ClInclude Include="..\..\src\sound\munt\LA32WaveGenerator.h">
      <Filter>sound\munt</Filter>
    </ClInclude>
    <ClInclude Include="..\..\src\sound\munt\MemoryRegion.h">
      <Filter>sound\munt</Filter>
    </ClInclude>
    <ClInclude Include="..\..\src\sound\munt\MidiEventQueue.h">
      <Filter>sound\munt</Filter>
    </ClInclude>
    <ClInclude Include="..\..\src\sound\munt\MidiStreamParser.h">
      <Filter>sound\munt</Filter>
    </ClInclude>
    <ClInclude Include="..\..\src\sound\munt\mmath.h">
      <Filter>sound\munt</Filter>
    </ClInclude>
    <ClInclude Include="..\..\src\sound\munt\mt32emu.h">
      <Filter>sound\munt</Filter>
    </ClInclude>
    <ClInclude Include="..\..\src\sound\munt\Part.h">
      <Filter>sound\munt</Filter>
    </ClInclude>
    <ClInclude Include="..\..\src\sound\munt\Partial.h">
      <Filter>sound\munt</Filter>
    </ClInclude>
    <ClInclude Include="..\..\src\sound\munt\PartialManager.h">
      <Filter>sound\munt</Filter>
    </ClInclude>
    <ClInclude Include="..\..\src\sound\munt\Poly.h">
      <Filter>sound\munt</Filter>
    </ClInclude>
    <ClInclude Include="..\..\src\sound\munt\ROMInfo.h">
      <Filter>sound\munt</Filter>
    </ClInclude>
    <ClInclude Include="..\..\src\sound\munt\Structures.h">
      <Filter>sound\munt</Filter>
    </ClInclude>
    <ClInclude Include="..\..\src\sound\munt\Synth.h">
      <Filter>sound\munt</Filter>
    </ClInclude>
    <ClInclude Include="..\..\src\sound\munt\Tables.h">
      <Filter>sound\munt</Filter>
    </ClInclude>
    <ClInclude Include="..\..\src\sound\munt\TVA.h">
      <Filter>sound\munt</Filter>
    </ClInclude>
    <ClInclude Include="..\..\src\sound\munt\TVF.h">
      <Filter>sound\munt</Filter>
    </ClInclude>
    <ClInclude Include="..\..\src\sound\munt\TVP.h">
      <Filter>sound\munt</Filter>
    </ClInclude>
    <ClInclude Include="..\..\src\sound\munt\Types.h">
      <Filter>sound\munt</Filter>
    </ClInclude>
    <ClInclude Include="..\..\src\sound\munt\c_interface\c_interface.h">
      <Filter>sound\munt\c_interface</Filter>
    </ClInclude>
    <ClInclude Include="..\..\src\sound\munt\c_interface\c_types.h">
      <Filter>sound\munt\c_interface</Filter>
    </ClInclude>
    <ClInclude Include="..\..\src\sound\munt\c_interface\cpp_interface.h">
      <Filter>sound\munt\c_interface</Filter>
    </ClInclude>
    <ClInclude Include="..\..\src\sound\munt\sha1\sha1.h">
      <Filter>sound\munt\sha1</Filter>
    </ClInclude>
    <ClInclude Include="..\..\src\sound\resid-fp\envelope.h">
      <Filter>sound\resid-fp</Filter>
    </ClInclude>
    <ClInclude Include="..\..\src\sound\resid-fp\extfilt.h">
      <Filter>sound\resid-fp</Filter>
    </ClInclude>
    <ClInclude Include="..\..\src\sound\resid-fp\filter.h">
      <Filter>sound\resid-fp</Filter>
    </ClInclude>
    <ClInclude Include="..\..\src\sound\resid-fp\pot.h">
      <Filter>sound\resid-fp</Filter>
    </ClInclude>
    <ClInclude Include="..\..\src\sound\resid-fp\sid.h">
      <Filter>sound\resid-fp</Filter>
    </ClInclude>
    <ClInclude Include="..\..\src\sound\resid-fp\siddefs-fp.h">
      <Filter>sound\resid-fp</Filter>
    </ClInclude>
    <ClInclude Include="..\..\src\sound\resid-fp\voice.h">
      <Filter>sound\resid-fp</Filter>
    </ClInclude>
    <ClInclude Include="..\..\src\sound\resid-fp\wave.h">
      <Filter>sound\resid-fp</Filter>
    </ClInclude>
    <ClInclude Include="..\..\src\video\vid_ati_eeprom.h">
      <Filter>video</Filter>
    </ClInclude>
    <ClInclude Include="..\..\src\video\vid_ati_mach64.h">
      <Filter>video</Filter>
    </ClInclude>
    <ClInclude Include="..\..\src\video\vid_ati18800.h">
      <Filter>video</Filter>
    </ClInclude>
    <ClInclude Include="..\..\src\video\vid_ati28800.h">
      <Filter>video</Filter>
    </ClInclude>
    <ClInclude Include="..\..\src\video\vid_ati68860_ramdac.h">
      <Filter>video</Filter>
    </ClInclude>
    <ClInclude Include="..\..\src\video\vid_bt485_ramdac.h">
      <Filter>video</Filter>
    </ClInclude>
    <ClInclude Include="..\..\src\video\vid_cga.h">
      <Filter>video</Filter>
    </ClInclude>
    <ClInclude Include="..\..\src\video\vid_cga_comp.h">
      <Filter>video</Filter>
    </ClInclude>
    <ClInclude Include="..\..\src\video\vid_cl54xx.h">
      <Filter>video</Filter>
    </ClInclude>
    <ClInclude Include="..\..\src\video\vid_colorplus.h">
      <Filter>video</Filter>
    </ClInclude>
    <ClInclude Include="..\..\src\video\vid_compaq_cga.h">
      <Filter>video</Filter>
    </ClInclude>
    <ClInclude Include="..\..\src\video\vid_ega.h">
      <Filter>video</Filter>
    </ClInclude>
    <ClInclude Include="..\..\src\video\vid_ega_render.h">
      <Filter>video</Filter>
    </ClInclude>
    <ClInclude Include="..\..\src\video\vid_et4000.h">
      <Filter>video</Filter>
    </ClInclude>
    <ClInclude Include="..\..\src\video\vid_et4000w32.h">
      <Filter>video</Filter>
    </ClInclude>
    <ClInclude Include="..\..\src\video\vid_genius.h">
      <Filter>video</Filter>
    </ClInclude>
    <ClInclude Include="..\..\src\video\vid_hercules.h">
      <Filter>video</Filter>
    </ClInclude>
    <ClInclude Include="..\..\src\video\vid_herculesplus.h">
      <Filter>video</Filter>
    </ClInclude>
    <ClInclude Include="..\..\src\video\vid_icd2061.h">
      <Filter>video</Filter>
    </ClInclude>
    <ClInclude Include="..\..\src\video\vid_ics2595.h">
      <Filter>video</Filter>
    </ClInclude>
    <ClInclude Include="..\..\src\video\vid_incolor.h">
      <Filter>video</Filter>
    </ClInclude>
    <ClInclude Include="..\..\src\video\vid_mda.h">
      <Filter>video</Filter>
    </ClInclude>
    <ClInclude Include="..\..\src\video\vid_oti067.h">
      <Filter>video</Filter>
    </ClInclude>
    <ClInclude Include="..\..\src\video\vid_paradise.h">
      <Filter>video</Filter>
    </ClInclude>
    <ClInclude Include="..\..\src\video\vid_s3.h">
      <Filter>video</Filter>
    </ClInclude>
    <ClInclude Include="..\..\src\video\vid_s3_virge.h">
      <Filter>video</Filter>
    </ClInclude>
    <ClInclude Include="..\..\src\video\vid_sc1502x_ramdac.h">
      <Filter>video</Filter>
    </ClInclude>
    <ClInclude Include="..\..\src\video\vid_sdac_ramdac.h">
      <Filter>video</Filter>
    </ClInclude>
    <ClInclude Include="..\..\src\video\vid_stg_ramdac.h">
      <Filter>video</Filter>
    </ClInclude>
    <ClInclude Include="..\..\src\video\vid_svga.h">
      <Filter>video</Filter>
    </ClInclude>
    <ClInclude Include="..\..\src\video\vid_svga_render.h">
      <Filter>video</Filter>
    </ClInclude>
    <ClInclude Include="..\..\src\video\vid_t3100e.h">
      <Filter>video</Filter>
    </ClInclude>
    <ClInclude Include="..\..\src\video\vid_tgui9440.h">
      <Filter>video</Filter>
    </ClInclude>
    <ClInclude Include="..\..\src\video\vid_ti_cf62011.h">
      <Filter>video</Filter>
    </ClInclude>
    <ClInclude Include="..\..\src\video\vid_tkd8001_ramdac.h">
      <Filter>video</Filter>
    </ClInclude>
    <ClInclude Include="..\..\src\video\vid_tvga.h">
      <Filter>video</Filter>
    </ClInclude>
    <ClInclude Include="..\..\src\video\vid_vga.h">
      <Filter>video</Filter>
    </ClInclude>
    <ClInclude Include="..\..\src\video\vid_voodoo.h">
      <Filter>video</Filter>
    </ClInclude>
    <ClInclude Include="..\..\src\video\vid_voodoo_codegen_x86.h">
      <Filter>video</Filter>
    </ClInclude>
    <ClInclude Include="..\..\src\video\vid_voodoo_codegen_x86-64.h">
      <Filter>video</Filter>
    </ClInclude>
    <ClInclude Include="..\..\src\video\vid_voodoo_dither.h">
      <Filter>video</Filter>
    </ClInclude>
    <ClInclude Include="..\..\src\video\vid_wy700.h">
      <Filter>video</Filter>
    </ClInclude>
    <ClInclude Include="..\..\src\video\video.h">
      <Filter>video</Filter>
    </ClInclude>
    <ClInclude Include="..\..\src\win\plat_dir.h">
      <Filter>win</Filter>
    </ClInclude>
    <ClInclude Include="..\..\src\win\resource.h">
      <Filter>win</Filter>
    </ClInclude>
    <ClInclude Include="..\..\src\win\win.h">
      <Filter>win</Filter>
    </ClInclude>
    <ClInclude Include="..\..\src\win\win_d3d.h">
      <Filter>win</Filter>
    </ClInclude>
    <ClInclude Include="..\..\src\win\win_ddraw.h">
      <Filter>win</Filter>
    </ClInclude>
    <ClInclude Include="..\..\src\win\win_png.h">
      <Filter>win</Filter>
    </ClInclude>
    <ClInclude Include="..\..\src\bugger.h" />
    <ClInclude Include="..\..\src\config.h" />
    <ClInclude Include="..\..\src\device.h" />
    <ClInclude Include="..\..\src\dma.h" />
    <ClInclude Include="..\..\src\emu.h" />
    <ClInclude Include="..\..\src\i82335.h" />
    <ClInclude Include="..\..\src\intel.h" />
    <ClInclude Include="..\..\src\intel_flash.h" />
    <ClInclude Include="..\..\src\intel_piix.h" />
    <ClInclude Include="..\..\src\intel_sio.h" />
    <ClInclude Include="..\..\src\io.h" />
    <ClInclude Include="..\..\src\keyboard.h" />
    <ClInclude Include="..\..\src\lpt.h" />
    <ClInclude Include="..\..\src\mca.h" />
    <ClInclude Include="..\..\src\mem.h" />
    <ClInclude Include="..\..\src\memregs.h" />
    <ClInclude Include="..\..\src\mouse.h" />
    <ClInclude Include="..\..\src\nmi.h" />
    <ClInclude Include="..\..\src\nvr.h" />
    <ClInclude Include="..\..\src\nvr_ps2.h" />
    <ClInclude Include="..\..\src\pci.h" />
    <ClInclude Include="..\..\src\pic.h" />
    <ClInclude Include="..\..\src\pit.h" />
    <ClInclude Include="..\..\src\plat.h" />
    <ClInclude Include="..\..\src\plat_dynld.h" />
    <ClInclude Include="..\..\src\plat_joystick.h" />
    <ClInclude Include="..\..\src\plat_midi.h" />
    <ClInclude Include="..\..\src\ppi.h" />
    <ClInclude Include="..\..\src\random.h" />
    <ClInclude Include="..\..\src\rom.h" />
    <ClInclude Include="..\..\src\serial.h" />
    <ClInclude Include="..\..\src\sio.h" />
    <ClInclude Include="..\..\src\timer.h" />
    <ClInclude Include="..\..\src\ui.h" />
    <ClInclude Include="..\..\src\zip.h" />
  </ItemGroup>
  <ItemGroup>
    <ResourceCompile Include="..\..\src\win\VARCem.rc">
      <Filter>win</Filter>
    </ResourceCompile>
  </ItemGroup>
</Project>